
Microsoft Visual Studio Solution File, Format Version 12.00
# Visual Studio Version 17
VisualStudioVersion = 17.8.34525.116
MinimumVisualStudioVersion = 10.0.40219.1
Project("{9A19103F-16F7-4668-BE54-9A1E7A4F7556}") = "ReactiveMvvm", "ReactiveMvvm\ReactiveMvvm.csproj", "{0066F747-ED1F-4F3F-B454-1A80BA5CE56E}"
EndProject
Project("{9A19103F-16F7-4668-BE54-9A1E7A4F7556}") = "ReactiveMvvm.Avalonia", "ReactiveMvvm.Avalonia\ReactiveMvvm.Avalonia.csproj", "{D994276D-BD84-4E5A-B14F-A090EA32A34F}"
EndProject
Project("{9A19103F-16F7-4668-BE54-9A1E7A4F7556}") = "ReactiveMvvm.Wpf", "ReactiveMvvm.Wpf\ReactiveMvvm.Wpf.csproj", "{35F02F28-515B-44FB-8280-60F4CC38B99A}"
EndProject
Project("{9A19103F-16F7-4668-BE54-9A1E7A4F7556}") = "ReactiveMvvm.Tests", "ReactiveMvvm.Tests\ReactiveMvvm.Tests.csproj", "{9FED4BB7-0F5F-480F-B2B1-0CDBDB0F7434}"
EndProject
Project("{9A19103F-16F7-4668-BE54-9A1E7A4F7556}") = "ReactiveMvvm.WinForms", "ReactiveMvvm.WinForms\ReactiveMvvm.WinForms.csproj", "{1751EFC7-79EC-43E8-8CF4-443152A0A64C}"
EndProject
Project("{9A19103F-16F7-4668-BE54-9A1E7A4F7556}") = "ReactiveMvvm.Terminal", "ReactiveMvvm.Terminal\ReactiveMvvm.Terminal.csproj", "{A494A16D-1772-487B-94EF-B8381250F916}"
EndProject
Project("{9A19103F-16F7-4668-BE54-9A1E7A4F7556}") = "ReactiveMvvm.Blazor.Server", "ReactiveMvvm.Blazor.Server\ReactiveMvvm.Blazor.Server.csproj", "{13C5D9AC-85B0-4B8D-BFCD-D33E65816988}"
EndProject
Project("{9A19103F-16F7-4668-BE54-9A1E7A4F7556}") = "ReactiveMvvm.Blazor.Wasm", "ReactiveMvvm.Blazor.Wasm\ReactiveMvvm.Blazor.Wasm.csproj", "{C059C2D5-E9A0-491F-A2E2-2A7FE1F736F0}"
EndProject
Project("{9A19103F-16F7-4668-BE54-9A1E7A4F7556}") = "ReactiveMvvm.Blazor", "ReactiveMvvm.Blazor\ReactiveMvvm.Blazor.csproj", "{489617A1-60F0-4AC3-8BF2-C223A150DC3C}"
EndProject
Project("{9A19103F-16F7-4668-BE54-9A1E7A4F7556}") = "ReactiveMvvm.Maui", "ReactiveMvvm.Maui\ReactiveMvvm.Maui.csproj", "{A37330D1-7D16-4E5E-9568-735BD8F80B2A}"
EndProject
Project("{9A19103F-16F7-4668-BE54-9A1E7A4F7556}") = "_build", "..\build\_build.csproj", "{B91EA883-A771-4301-909A-13C91175EF21}"
EndProject
Global
	GlobalSection(SolutionConfigurationPlatforms) = preSolution
		Ad-Hoc|Any CPU = Ad-Hoc|Any CPU
		Ad-Hoc|ARM = Ad-Hoc|ARM
		Ad-Hoc|iPhone = Ad-Hoc|iPhone
		Ad-Hoc|iPhoneSimulator = Ad-Hoc|iPhoneSimulator
		Ad-Hoc|x64 = Ad-Hoc|x64
		Ad-Hoc|x86 = Ad-Hoc|x86
		AppStore|Any CPU = AppStore|Any CPU
		AppStore|ARM = AppStore|ARM
		AppStore|iPhone = AppStore|iPhone
		AppStore|iPhoneSimulator = AppStore|iPhoneSimulator
		AppStore|x64 = AppStore|x64
		AppStore|x86 = AppStore|x86
		Debug|Any CPU = Debug|Any CPU
		Debug|ARM = Debug|ARM
		Debug|iPhone = Debug|iPhone
		Debug|iPhoneSimulator = Debug|iPhoneSimulator
		Debug|x64 = Debug|x64
		Debug|x86 = Debug|x86
		Release|Any CPU = Release|Any CPU
		Release|ARM = Release|ARM
		Release|iPhone = Release|iPhone
		Release|iPhoneSimulator = Release|iPhoneSimulator
		Release|x64 = Release|x64
		Release|x86 = Release|x86
	EndGlobalSection
	GlobalSection(ProjectConfigurationPlatforms) = postSolution
		{0066F747-ED1F-4F3F-B454-1A80BA5CE56E}.Ad-Hoc|Any CPU.ActiveCfg = Release|Any CPU
		{0066F747-ED1F-4F3F-B454-1A80BA5CE56E}.Ad-Hoc|Any CPU.Build.0 = Release|Any CPU
		{0066F747-ED1F-4F3F-B454-1A80BA5CE56E}.Ad-Hoc|ARM.ActiveCfg = Release|Any CPU
		{0066F747-ED1F-4F3F-B454-1A80BA5CE56E}.Ad-Hoc|ARM.Build.0 = Release|Any CPU
		{0066F747-ED1F-4F3F-B454-1A80BA5CE56E}.Ad-Hoc|iPhone.ActiveCfg = Release|Any CPU
		{0066F747-ED1F-4F3F-B454-1A80BA5CE56E}.Ad-Hoc|iPhone.Build.0 = Release|Any CPU
		{0066F747-ED1F-4F3F-B454-1A80BA5CE56E}.Ad-Hoc|iPhoneSimulator.ActiveCfg = Release|Any CPU
		{0066F747-ED1F-4F3F-B454-1A80BA5CE56E}.Ad-Hoc|iPhoneSimulator.Build.0 = Release|Any CPU
		{0066F747-ED1F-4F3F-B454-1A80BA5CE56E}.Ad-Hoc|x64.ActiveCfg = Release|Any CPU
		{0066F747-ED1F-4F3F-B454-1A80BA5CE56E}.Ad-Hoc|x64.Build.0 = Release|Any CPU
		{0066F747-ED1F-4F3F-B454-1A80BA5CE56E}.Ad-Hoc|x86.ActiveCfg = Release|Any CPU
		{0066F747-ED1F-4F3F-B454-1A80BA5CE56E}.Ad-Hoc|x86.Build.0 = Release|Any CPU
		{0066F747-ED1F-4F3F-B454-1A80BA5CE56E}.AppStore|Any CPU.ActiveCfg = Release|Any CPU
		{0066F747-ED1F-4F3F-B454-1A80BA5CE56E}.AppStore|Any CPU.Build.0 = Release|Any CPU
		{0066F747-ED1F-4F3F-B454-1A80BA5CE56E}.AppStore|ARM.ActiveCfg = Release|Any CPU
		{0066F747-ED1F-4F3F-B454-1A80BA5CE56E}.AppStore|ARM.Build.0 = Release|Any CPU
		{0066F747-ED1F-4F3F-B454-1A80BA5CE56E}.AppStore|iPhone.ActiveCfg = Release|Any CPU
		{0066F747-ED1F-4F3F-B454-1A80BA5CE56E}.AppStore|iPhone.Build.0 = Release|Any CPU
		{0066F747-ED1F-4F3F-B454-1A80BA5CE56E}.AppStore|iPhoneSimulator.ActiveCfg = Release|Any CPU
		{0066F747-ED1F-4F3F-B454-1A80BA5CE56E}.AppStore|iPhoneSimulator.Build.0 = Release|Any CPU
		{0066F747-ED1F-4F3F-B454-1A80BA5CE56E}.AppStore|x64.ActiveCfg = Release|Any CPU
		{0066F747-ED1F-4F3F-B454-1A80BA5CE56E}.AppStore|x64.Build.0 = Release|Any CPU
		{0066F747-ED1F-4F3F-B454-1A80BA5CE56E}.AppStore|x86.ActiveCfg = Release|Any CPU
		{0066F747-ED1F-4F3F-B454-1A80BA5CE56E}.AppStore|x86.Build.0 = Release|Any CPU
		{0066F747-ED1F-4F3F-B454-1A80BA5CE56E}.Debug|Any CPU.ActiveCfg = Debug|Any CPU
		{0066F747-ED1F-4F3F-B454-1A80BA5CE56E}.Debug|Any CPU.Build.0 = Debug|Any CPU
		{0066F747-ED1F-4F3F-B454-1A80BA5CE56E}.Debug|ARM.ActiveCfg = Debug|Any CPU
		{0066F747-ED1F-4F3F-B454-1A80BA5CE56E}.Debug|ARM.Build.0 = Debug|Any CPU
		{0066F747-ED1F-4F3F-B454-1A80BA5CE56E}.Debug|iPhone.ActiveCfg = Debug|Any CPU
		{0066F747-ED1F-4F3F-B454-1A80BA5CE56E}.Debug|iPhone.Build.0 = Debug|Any CPU
		{0066F747-ED1F-4F3F-B454-1A80BA5CE56E}.Debug|iPhoneSimulator.ActiveCfg = Debug|Any CPU
		{0066F747-ED1F-4F3F-B454-1A80BA5CE56E}.Debug|iPhoneSimulator.Build.0 = Debug|Any CPU
		{0066F747-ED1F-4F3F-B454-1A80BA5CE56E}.Debug|x64.ActiveCfg = Debug|Any CPU
		{0066F747-ED1F-4F3F-B454-1A80BA5CE56E}.Debug|x64.Build.0 = Debug|Any CPU
		{0066F747-ED1F-4F3F-B454-1A80BA5CE56E}.Debug|x86.ActiveCfg = Debug|Any CPU
		{0066F747-ED1F-4F3F-B454-1A80BA5CE56E}.Debug|x86.Build.0 = Debug|Any CPU
		{0066F747-ED1F-4F3F-B454-1A80BA5CE56E}.Release|Any CPU.ActiveCfg = Release|Any CPU
		{0066F747-ED1F-4F3F-B454-1A80BA5CE56E}.Release|Any CPU.Build.0 = Release|Any CPU
		{0066F747-ED1F-4F3F-B454-1A80BA5CE56E}.Release|ARM.ActiveCfg = Release|Any CPU
		{0066F747-ED1F-4F3F-B454-1A80BA5CE56E}.Release|ARM.Build.0 = Release|Any CPU
		{0066F747-ED1F-4F3F-B454-1A80BA5CE56E}.Release|iPhone.ActiveCfg = Release|Any CPU
		{0066F747-ED1F-4F3F-B454-1A80BA5CE56E}.Release|iPhone.Build.0 = Release|Any CPU
		{0066F747-ED1F-4F3F-B454-1A80BA5CE56E}.Release|iPhoneSimulator.ActiveCfg = Release|Any CPU
		{0066F747-ED1F-4F3F-B454-1A80BA5CE56E}.Release|iPhoneSimulator.Build.0 = Release|Any CPU
		{0066F747-ED1F-4F3F-B454-1A80BA5CE56E}.Release|x64.ActiveCfg = Release|Any CPU
		{0066F747-ED1F-4F3F-B454-1A80BA5CE56E}.Release|x64.Build.0 = Release|Any CPU
		{0066F747-ED1F-4F3F-B454-1A80BA5CE56E}.Release|x86.ActiveCfg = Release|Any CPU
		{0066F747-ED1F-4F3F-B454-1A80BA5CE56E}.Release|x86.Build.0 = Release|Any CPU
		{D994276D-BD84-4E5A-B14F-A090EA32A34F}.Ad-Hoc|Any CPU.ActiveCfg = Release|Any CPU
		{D994276D-BD84-4E5A-B14F-A090EA32A34F}.Ad-Hoc|ARM.ActiveCfg = Release|Any CPU
		{D994276D-BD84-4E5A-B14F-A090EA32A34F}.Ad-Hoc|iPhone.ActiveCfg = Release|Any CPU
		{D994276D-BD84-4E5A-B14F-A090EA32A34F}.Ad-Hoc|iPhoneSimulator.ActiveCfg = Release|Any CPU
		{D994276D-BD84-4E5A-B14F-A090EA32A34F}.Ad-Hoc|x64.ActiveCfg = Release|Any CPU
		{D994276D-BD84-4E5A-B14F-A090EA32A34F}.Ad-Hoc|x86.ActiveCfg = Release|Any CPU
		{D994276D-BD84-4E5A-B14F-A090EA32A34F}.AppStore|Any CPU.ActiveCfg = Release|Any CPU
		{D994276D-BD84-4E5A-B14F-A090EA32A34F}.AppStore|ARM.ActiveCfg = Release|Any CPU
		{D994276D-BD84-4E5A-B14F-A090EA32A34F}.AppStore|iPhone.ActiveCfg = Release|Any CPU
		{D994276D-BD84-4E5A-B14F-A090EA32A34F}.AppStore|iPhoneSimulator.ActiveCfg = Release|Any CPU
		{D994276D-BD84-4E5A-B14F-A090EA32A34F}.AppStore|x64.ActiveCfg = Release|Any CPU
		{D994276D-BD84-4E5A-B14F-A090EA32A34F}.AppStore|x86.ActiveCfg = Release|Any CPU
		{D994276D-BD84-4E5A-B14F-A090EA32A34F}.Debug|Any CPU.ActiveCfg = Debug|Any CPU
		{D994276D-BD84-4E5A-B14F-A090EA32A34F}.Debug|Any CPU.Build.0 = Debug|Any CPU
		{D994276D-BD84-4E5A-B14F-A090EA32A34F}.Debug|ARM.ActiveCfg = Debug|Any CPU
		{D994276D-BD84-4E5A-B14F-A090EA32A34F}.Debug|ARM.Build.0 = Debug|Any CPU
		{D994276D-BD84-4E5A-B14F-A090EA32A34F}.Debug|iPhone.ActiveCfg = Debug|Any CPU
		{D994276D-BD84-4E5A-B14F-A090EA32A34F}.Debug|iPhoneSimulator.ActiveCfg = Debug|Any CPU
		{D994276D-BD84-4E5A-B14F-A090EA32A34F}.Debug|x64.ActiveCfg = Debug|Any CPU
		{D994276D-BD84-4E5A-B14F-A090EA32A34F}.Debug|x64.Build.0 = Debug|Any CPU
		{D994276D-BD84-4E5A-B14F-A090EA32A34F}.Debug|x86.ActiveCfg = Debug|Any CPU
		{D994276D-BD84-4E5A-B14F-A090EA32A34F}.Debug|x86.Build.0 = Debug|Any CPU
		{D994276D-BD84-4E5A-B14F-A090EA32A34F}.Release|Any CPU.ActiveCfg = Release|Any CPU
		{D994276D-BD84-4E5A-B14F-A090EA32A34F}.Release|Any CPU.Build.0 = Release|Any CPU
		{D994276D-BD84-4E5A-B14F-A090EA32A34F}.Release|ARM.ActiveCfg = Release|Any CPU
		{D994276D-BD84-4E5A-B14F-A090EA32A34F}.Release|ARM.Build.0 = Release|Any CPU
		{D994276D-BD84-4E5A-B14F-A090EA32A34F}.Release|iPhone.ActiveCfg = Release|Any CPU
		{D994276D-BD84-4E5A-B14F-A090EA32A34F}.Release|iPhoneSimulator.ActiveCfg = Release|Any CPU
		{D994276D-BD84-4E5A-B14F-A090EA32A34F}.Release|x64.ActiveCfg = Release|Any CPU
		{D994276D-BD84-4E5A-B14F-A090EA32A34F}.Release|x64.Build.0 = Release|Any CPU
		{D994276D-BD84-4E5A-B14F-A090EA32A34F}.Release|x86.ActiveCfg = Release|Any CPU
		{D994276D-BD84-4E5A-B14F-A090EA32A34F}.Release|x86.Build.0 = Release|Any CPU
		{35F02F28-515B-44FB-8280-60F4CC38B99A}.Ad-Hoc|Any CPU.ActiveCfg = Release|Any CPU
		{35F02F28-515B-44FB-8280-60F4CC38B99A}.Ad-Hoc|ARM.ActiveCfg = Release|Any CPU
		{35F02F28-515B-44FB-8280-60F4CC38B99A}.Ad-Hoc|iPhone.ActiveCfg = Release|Any CPU
		{35F02F28-515B-44FB-8280-60F4CC38B99A}.Ad-Hoc|iPhoneSimulator.ActiveCfg = Release|Any CPU
		{35F02F28-515B-44FB-8280-60F4CC38B99A}.Ad-Hoc|x64.ActiveCfg = Release|Any CPU
		{35F02F28-515B-44FB-8280-60F4CC38B99A}.Ad-Hoc|x86.ActiveCfg = Release|Any CPU
		{35F02F28-515B-44FB-8280-60F4CC38B99A}.AppStore|Any CPU.ActiveCfg = Release|Any CPU
		{35F02F28-515B-44FB-8280-60F4CC38B99A}.AppStore|ARM.ActiveCfg = Release|Any CPU
		{35F02F28-515B-44FB-8280-60F4CC38B99A}.AppStore|iPhone.ActiveCfg = Release|Any CPU
		{35F02F28-515B-44FB-8280-60F4CC38B99A}.AppStore|iPhoneSimulator.ActiveCfg = Release|Any CPU
		{35F02F28-515B-44FB-8280-60F4CC38B99A}.AppStore|x64.ActiveCfg = Release|Any CPU
		{35F02F28-515B-44FB-8280-60F4CC38B99A}.AppStore|x86.ActiveCfg = Release|Any CPU
		{35F02F28-515B-44FB-8280-60F4CC38B99A}.Debug|Any CPU.ActiveCfg = Debug|Any CPU
		{35F02F28-515B-44FB-8280-60F4CC38B99A}.Debug|Any CPU.Build.0 = Debug|Any CPU
		{35F02F28-515B-44FB-8280-60F4CC38B99A}.Debug|ARM.ActiveCfg = Debug|Any CPU
		{35F02F28-515B-44FB-8280-60F4CC38B99A}.Debug|ARM.Build.0 = Debug|Any CPU
		{35F02F28-515B-44FB-8280-60F4CC38B99A}.Debug|iPhone.ActiveCfg = Debug|Any CPU
		{35F02F28-515B-44FB-8280-60F4CC38B99A}.Debug|iPhoneSimulator.ActiveCfg = Debug|Any CPU
		{35F02F28-515B-44FB-8280-60F4CC38B99A}.Debug|x64.ActiveCfg = Debug|Any CPU
		{35F02F28-515B-44FB-8280-60F4CC38B99A}.Debug|x64.Build.0 = Debug|Any CPU
		{35F02F28-515B-44FB-8280-60F4CC38B99A}.Debug|x86.ActiveCfg = Debug|Any CPU
		{35F02F28-515B-44FB-8280-60F4CC38B99A}.Debug|x86.Build.0 = Debug|Any CPU
		{35F02F28-515B-44FB-8280-60F4CC38B99A}.Release|Any CPU.ActiveCfg = Release|Any CPU
		{35F02F28-515B-44FB-8280-60F4CC38B99A}.Release|Any CPU.Build.0 = Release|Any CPU
		{35F02F28-515B-44FB-8280-60F4CC38B99A}.Release|ARM.ActiveCfg = Release|Any CPU
		{35F02F28-515B-44FB-8280-60F4CC38B99A}.Release|ARM.Build.0 = Release|Any CPU
		{35F02F28-515B-44FB-8280-60F4CC38B99A}.Release|iPhone.ActiveCfg = Release|Any CPU
		{35F02F28-515B-44FB-8280-60F4CC38B99A}.Release|iPhoneSimulator.ActiveCfg = Release|Any CPU
		{35F02F28-515B-44FB-8280-60F4CC38B99A}.Release|x64.ActiveCfg = Release|Any CPU
		{35F02F28-515B-44FB-8280-60F4CC38B99A}.Release|x64.Build.0 = Release|Any CPU
		{35F02F28-515B-44FB-8280-60F4CC38B99A}.Release|x86.ActiveCfg = Release|Any CPU
		{35F02F28-515B-44FB-8280-60F4CC38B99A}.Release|x86.Build.0 = Release|Any CPU
		{9FED4BB7-0F5F-480F-B2B1-0CDBDB0F7434}.Ad-Hoc|Any CPU.ActiveCfg = Release|Any CPU
		{9FED4BB7-0F5F-480F-B2B1-0CDBDB0F7434}.Ad-Hoc|Any CPU.Build.0 = Release|Any CPU
		{9FED4BB7-0F5F-480F-B2B1-0CDBDB0F7434}.Ad-Hoc|ARM.ActiveCfg = Release|Any CPU
		{9FED4BB7-0F5F-480F-B2B1-0CDBDB0F7434}.Ad-Hoc|ARM.Build.0 = Release|Any CPU
		{9FED4BB7-0F5F-480F-B2B1-0CDBDB0F7434}.Ad-Hoc|iPhone.ActiveCfg = Release|Any CPU
		{9FED4BB7-0F5F-480F-B2B1-0CDBDB0F7434}.Ad-Hoc|iPhone.Build.0 = Release|Any CPU
		{9FED4BB7-0F5F-480F-B2B1-0CDBDB0F7434}.Ad-Hoc|iPhoneSimulator.ActiveCfg = Release|Any CPU
		{9FED4BB7-0F5F-480F-B2B1-0CDBDB0F7434}.Ad-Hoc|iPhoneSimulator.Build.0 = Release|Any CPU
		{9FED4BB7-0F5F-480F-B2B1-0CDBDB0F7434}.Ad-Hoc|x64.ActiveCfg = Release|Any CPU
		{9FED4BB7-0F5F-480F-B2B1-0CDBDB0F7434}.Ad-Hoc|x64.Build.0 = Release|Any CPU
		{9FED4BB7-0F5F-480F-B2B1-0CDBDB0F7434}.Ad-Hoc|x86.ActiveCfg = Release|Any CPU
		{9FED4BB7-0F5F-480F-B2B1-0CDBDB0F7434}.Ad-Hoc|x86.Build.0 = Release|Any CPU
		{9FED4BB7-0F5F-480F-B2B1-0CDBDB0F7434}.AppStore|Any CPU.ActiveCfg = Release|Any CPU
		{9FED4BB7-0F5F-480F-B2B1-0CDBDB0F7434}.AppStore|Any CPU.Build.0 = Release|Any CPU
		{9FED4BB7-0F5F-480F-B2B1-0CDBDB0F7434}.AppStore|ARM.ActiveCfg = Release|Any CPU
		{9FED4BB7-0F5F-480F-B2B1-0CDBDB0F7434}.AppStore|ARM.Build.0 = Release|Any CPU
		{9FED4BB7-0F5F-480F-B2B1-0CDBDB0F7434}.AppStore|iPhone.ActiveCfg = Release|Any CPU
		{9FED4BB7-0F5F-480F-B2B1-0CDBDB0F7434}.AppStore|iPhone.Build.0 = Release|Any CPU
		{9FED4BB7-0F5F-480F-B2B1-0CDBDB0F7434}.AppStore|iPhoneSimulator.ActiveCfg = Release|Any CPU
		{9FED4BB7-0F5F-480F-B2B1-0CDBDB0F7434}.AppStore|iPhoneSimulator.Build.0 = Release|Any CPU
		{9FED4BB7-0F5F-480F-B2B1-0CDBDB0F7434}.AppStore|x64.ActiveCfg = Release|Any CPU
		{9FED4BB7-0F5F-480F-B2B1-0CDBDB0F7434}.AppStore|x64.Build.0 = Release|Any CPU
		{9FED4BB7-0F5F-480F-B2B1-0CDBDB0F7434}.AppStore|x86.ActiveCfg = Release|Any CPU
		{9FED4BB7-0F5F-480F-B2B1-0CDBDB0F7434}.AppStore|x86.Build.0 = Release|Any CPU
		{9FED4BB7-0F5F-480F-B2B1-0CDBDB0F7434}.Debug|Any CPU.ActiveCfg = Debug|Any CPU
		{9FED4BB7-0F5F-480F-B2B1-0CDBDB0F7434}.Debug|Any CPU.Build.0 = Debug|Any CPU
		{9FED4BB7-0F5F-480F-B2B1-0CDBDB0F7434}.Debug|ARM.ActiveCfg = Debug|Any CPU
		{9FED4BB7-0F5F-480F-B2B1-0CDBDB0F7434}.Debug|ARM.Build.0 = Debug|Any CPU
		{9FED4BB7-0F5F-480F-B2B1-0CDBDB0F7434}.Debug|iPhone.ActiveCfg = Debug|Any CPU
		{9FED4BB7-0F5F-480F-B2B1-0CDBDB0F7434}.Debug|iPhone.Build.0 = Debug|Any CPU
		{9FED4BB7-0F5F-480F-B2B1-0CDBDB0F7434}.Debug|iPhoneSimulator.ActiveCfg = Debug|Any CPU
		{9FED4BB7-0F5F-480F-B2B1-0CDBDB0F7434}.Debug|iPhoneSimulator.Build.0 = Debug|Any CPU
		{9FED4BB7-0F5F-480F-B2B1-0CDBDB0F7434}.Debug|x64.ActiveCfg = Debug|Any CPU
		{9FED4BB7-0F5F-480F-B2B1-0CDBDB0F7434}.Debug|x64.Build.0 = Debug|Any CPU
		{9FED4BB7-0F5F-480F-B2B1-0CDBDB0F7434}.Debug|x86.ActiveCfg = Debug|Any CPU
		{9FED4BB7-0F5F-480F-B2B1-0CDBDB0F7434}.Debug|x86.Build.0 = Debug|Any CPU
		{9FED4BB7-0F5F-480F-B2B1-0CDBDB0F7434}.Release|Any CPU.ActiveCfg = Release|Any CPU
		{9FED4BB7-0F5F-480F-B2B1-0CDBDB0F7434}.Release|Any CPU.Build.0 = Release|Any CPU
		{9FED4BB7-0F5F-480F-B2B1-0CDBDB0F7434}.Release|ARM.ActiveCfg = Release|Any CPU
		{9FED4BB7-0F5F-480F-B2B1-0CDBDB0F7434}.Release|ARM.Build.0 = Release|Any CPU
		{9FED4BB7-0F5F-480F-B2B1-0CDBDB0F7434}.Release|iPhone.ActiveCfg = Release|Any CPU
		{9FED4BB7-0F5F-480F-B2B1-0CDBDB0F7434}.Release|iPhone.Build.0 = Release|Any CPU
		{9FED4BB7-0F5F-480F-B2B1-0CDBDB0F7434}.Release|iPhoneSimulator.ActiveCfg = Release|Any CPU
		{9FED4BB7-0F5F-480F-B2B1-0CDBDB0F7434}.Release|iPhoneSimulator.Build.0 = Release|Any CPU
		{9FED4BB7-0F5F-480F-B2B1-0CDBDB0F7434}.Release|x64.ActiveCfg = Release|Any CPU
		{9FED4BB7-0F5F-480F-B2B1-0CDBDB0F7434}.Release|x64.Build.0 = Release|Any CPU
		{9FED4BB7-0F5F-480F-B2B1-0CDBDB0F7434}.Release|x86.ActiveCfg = Release|Any CPU
		{9FED4BB7-0F5F-480F-B2B1-0CDBDB0F7434}.Release|x86.Build.0 = Release|Any CPU
		{1751EFC7-79EC-43E8-8CF4-443152A0A64C}.Ad-Hoc|Any CPU.ActiveCfg = Release|Any CPU
		{1751EFC7-79EC-43E8-8CF4-443152A0A64C}.Ad-Hoc|ARM.ActiveCfg = Release|Any CPU
		{1751EFC7-79EC-43E8-8CF4-443152A0A64C}.Ad-Hoc|iPhone.ActiveCfg = Release|Any CPU
		{1751EFC7-79EC-43E8-8CF4-443152A0A64C}.Ad-Hoc|iPhoneSimulator.ActiveCfg = Release|Any CPU
		{1751EFC7-79EC-43E8-8CF4-443152A0A64C}.Ad-Hoc|x64.ActiveCfg = Release|Any CPU
		{1751EFC7-79EC-43E8-8CF4-443152A0A64C}.Ad-Hoc|x86.ActiveCfg = Release|Any CPU
		{1751EFC7-79EC-43E8-8CF4-443152A0A64C}.AppStore|Any CPU.ActiveCfg = Release|Any CPU
		{1751EFC7-79EC-43E8-8CF4-443152A0A64C}.AppStore|ARM.ActiveCfg = Release|Any CPU
		{1751EFC7-79EC-43E8-8CF4-443152A0A64C}.AppStore|iPhone.ActiveCfg = Release|Any CPU
		{1751EFC7-79EC-43E8-8CF4-443152A0A64C}.AppStore|iPhoneSimulator.ActiveCfg = Release|Any CPU
		{1751EFC7-79EC-43E8-8CF4-443152A0A64C}.AppStore|x64.ActiveCfg = Release|Any CPU
		{1751EFC7-79EC-43E8-8CF4-443152A0A64C}.AppStore|x86.ActiveCfg = Release|Any CPU
		{1751EFC7-79EC-43E8-8CF4-443152A0A64C}.Debug|Any CPU.ActiveCfg = Debug|Any CPU
		{1751EFC7-79EC-43E8-8CF4-443152A0A64C}.Debug|Any CPU.Build.0 = Debug|Any CPU
		{1751EFC7-79EC-43E8-8CF4-443152A0A64C}.Debug|ARM.ActiveCfg = Debug|Any CPU
		{1751EFC7-79EC-43E8-8CF4-443152A0A64C}.Debug|ARM.Build.0 = Debug|Any CPU
		{1751EFC7-79EC-43E8-8CF4-443152A0A64C}.Debug|iPhone.ActiveCfg = Debug|Any CPU
		{1751EFC7-79EC-43E8-8CF4-443152A0A64C}.Debug|iPhoneSimulator.ActiveCfg = Debug|Any CPU
		{1751EFC7-79EC-43E8-8CF4-443152A0A64C}.Debug|x64.ActiveCfg = Debug|Any CPU
		{1751EFC7-79EC-43E8-8CF4-443152A0A64C}.Debug|x64.Build.0 = Debug|Any CPU
		{1751EFC7-79EC-43E8-8CF4-443152A0A64C}.Debug|x86.ActiveCfg = Debug|Any CPU
		{1751EFC7-79EC-43E8-8CF4-443152A0A64C}.Debug|x86.Build.0 = Debug|Any CPU
		{1751EFC7-79EC-43E8-8CF4-443152A0A64C}.Release|Any CPU.ActiveCfg = Release|Any CPU
		{1751EFC7-79EC-43E8-8CF4-443152A0A64C}.Release|Any CPU.Build.0 = Release|Any CPU
		{1751EFC7-79EC-43E8-8CF4-443152A0A64C}.Release|ARM.ActiveCfg = Release|Any CPU
		{1751EFC7-79EC-43E8-8CF4-443152A0A64C}.Release|ARM.Build.0 = Release|Any CPU
		{1751EFC7-79EC-43E8-8CF4-443152A0A64C}.Release|iPhone.ActiveCfg = Release|Any CPU
		{1751EFC7-79EC-43E8-8CF4-443152A0A64C}.Release|iPhoneSimulator.ActiveCfg = Release|Any CPU
		{1751EFC7-79EC-43E8-8CF4-443152A0A64C}.Release|x64.ActiveCfg = Release|Any CPU
		{1751EFC7-79EC-43E8-8CF4-443152A0A64C}.Release|x64.Build.0 = Release|Any CPU
		{1751EFC7-79EC-43E8-8CF4-443152A0A64C}.Release|x86.ActiveCfg = Release|Any CPU
		{1751EFC7-79EC-43E8-8CF4-443152A0A64C}.Release|x86.Build.0 = Release|Any CPU
		{A494A16D-1772-487B-94EF-B8381250F916}.Ad-Hoc|Any CPU.ActiveCfg = Debug|Any CPU
		{A494A16D-1772-487B-94EF-B8381250F916}.Ad-Hoc|Any CPU.Build.0 = Debug|Any CPU
		{A494A16D-1772-487B-94EF-B8381250F916}.Ad-Hoc|ARM.ActiveCfg = Debug|Any CPU
		{A494A16D-1772-487B-94EF-B8381250F916}.Ad-Hoc|ARM.Build.0 = Debug|Any CPU
		{A494A16D-1772-487B-94EF-B8381250F916}.Ad-Hoc|iPhone.ActiveCfg = Debug|Any CPU
		{A494A16D-1772-487B-94EF-B8381250F916}.Ad-Hoc|iPhone.Build.0 = Debug|Any CPU
		{A494A16D-1772-487B-94EF-B8381250F916}.Ad-Hoc|iPhoneSimulator.ActiveCfg = Debug|Any CPU
		{A494A16D-1772-487B-94EF-B8381250F916}.Ad-Hoc|iPhoneSimulator.Build.0 = Debug|Any CPU
		{A494A16D-1772-487B-94EF-B8381250F916}.Ad-Hoc|x64.ActiveCfg = Debug|Any CPU
		{A494A16D-1772-487B-94EF-B8381250F916}.Ad-Hoc|x64.Build.0 = Debug|Any CPU
		{A494A16D-1772-487B-94EF-B8381250F916}.Ad-Hoc|x86.ActiveCfg = Debug|Any CPU
		{A494A16D-1772-487B-94EF-B8381250F916}.Ad-Hoc|x86.Build.0 = Debug|Any CPU
		{A494A16D-1772-487B-94EF-B8381250F916}.AppStore|Any CPU.ActiveCfg = Debug|Any CPU
		{A494A16D-1772-487B-94EF-B8381250F916}.AppStore|Any CPU.Build.0 = Debug|Any CPU
		{A494A16D-1772-487B-94EF-B8381250F916}.AppStore|ARM.ActiveCfg = Debug|Any CPU
		{A494A16D-1772-487B-94EF-B8381250F916}.AppStore|ARM.Build.0 = Debug|Any CPU
		{A494A16D-1772-487B-94EF-B8381250F916}.AppStore|iPhone.ActiveCfg = Debug|Any CPU
		{A494A16D-1772-487B-94EF-B8381250F916}.AppStore|iPhone.Build.0 = Debug|Any CPU
		{A494A16D-1772-487B-94EF-B8381250F916}.AppStore|iPhoneSimulator.ActiveCfg = Debug|Any CPU
		{A494A16D-1772-487B-94EF-B8381250F916}.AppStore|iPhoneSimulator.Build.0 = Debug|Any CPU
		{A494A16D-1772-487B-94EF-B8381250F916}.AppStore|x64.ActiveCfg = Debug|Any CPU
		{A494A16D-1772-487B-94EF-B8381250F916}.AppStore|x64.Build.0 = Debug|Any CPU
		{A494A16D-1772-487B-94EF-B8381250F916}.AppStore|x86.ActiveCfg = Debug|Any CPU
		{A494A16D-1772-487B-94EF-B8381250F916}.AppStore|x86.Build.0 = Debug|Any CPU
		{A494A16D-1772-487B-94EF-B8381250F916}.Debug|Any CPU.ActiveCfg = Debug|Any CPU
		{A494A16D-1772-487B-94EF-B8381250F916}.Debug|Any CPU.Build.0 = Debug|Any CPU
		{A494A16D-1772-487B-94EF-B8381250F916}.Debug|ARM.ActiveCfg = Debug|Any CPU
		{A494A16D-1772-487B-94EF-B8381250F916}.Debug|ARM.Build.0 = Debug|Any CPU
		{A494A16D-1772-487B-94EF-B8381250F916}.Debug|iPhone.ActiveCfg = Debug|Any CPU
		{A494A16D-1772-487B-94EF-B8381250F916}.Debug|iPhone.Build.0 = Debug|Any CPU
		{A494A16D-1772-487B-94EF-B8381250F916}.Debug|iPhoneSimulator.ActiveCfg = Debug|Any CPU
		{A494A16D-1772-487B-94EF-B8381250F916}.Debug|iPhoneSimulator.Build.0 = Debug|Any CPU
		{A494A16D-1772-487B-94EF-B8381250F916}.Debug|x64.ActiveCfg = Debug|Any CPU
		{A494A16D-1772-487B-94EF-B8381250F916}.Debug|x64.Build.0 = Debug|Any CPU
		{A494A16D-1772-487B-94EF-B8381250F916}.Debug|x86.ActiveCfg = Debug|Any CPU
		{A494A16D-1772-487B-94EF-B8381250F916}.Debug|x86.Build.0 = Debug|Any CPU
		{A494A16D-1772-487B-94EF-B8381250F916}.Release|Any CPU.ActiveCfg = Release|Any CPU
		{A494A16D-1772-487B-94EF-B8381250F916}.Release|Any CPU.Build.0 = Release|Any CPU
		{A494A16D-1772-487B-94EF-B8381250F916}.Release|ARM.ActiveCfg = Release|Any CPU
		{A494A16D-1772-487B-94EF-B8381250F916}.Release|ARM.Build.0 = Release|Any CPU
		{A494A16D-1772-487B-94EF-B8381250F916}.Release|iPhone.ActiveCfg = Release|Any CPU
		{A494A16D-1772-487B-94EF-B8381250F916}.Release|iPhone.Build.0 = Release|Any CPU
		{A494A16D-1772-487B-94EF-B8381250F916}.Release|iPhoneSimulator.ActiveCfg = Release|Any CPU
		{A494A16D-1772-487B-94EF-B8381250F916}.Release|iPhoneSimulator.Build.0 = Release|Any CPU
		{A494A16D-1772-487B-94EF-B8381250F916}.Release|x64.ActiveCfg = Release|Any CPU
		{A494A16D-1772-487B-94EF-B8381250F916}.Release|x64.Build.0 = Release|Any CPU
		{A494A16D-1772-487B-94EF-B8381250F916}.Release|x86.ActiveCfg = Release|Any CPU
		{A494A16D-1772-487B-94EF-B8381250F916}.Release|x86.Build.0 = Release|Any CPU
		{13C5D9AC-85B0-4B8D-BFCD-D33E65816988}.Ad-Hoc|Any CPU.ActiveCfg = Debug|Any CPU
		{13C5D9AC-85B0-4B8D-BFCD-D33E65816988}.Ad-Hoc|Any CPU.Build.0 = Debug|Any CPU
		{13C5D9AC-85B0-4B8D-BFCD-D33E65816988}.Ad-Hoc|ARM.ActiveCfg = Debug|Any CPU
		{13C5D9AC-85B0-4B8D-BFCD-D33E65816988}.Ad-Hoc|ARM.Build.0 = Debug|Any CPU
		{13C5D9AC-85B0-4B8D-BFCD-D33E65816988}.Ad-Hoc|iPhone.ActiveCfg = Debug|Any CPU
		{13C5D9AC-85B0-4B8D-BFCD-D33E65816988}.Ad-Hoc|iPhone.Build.0 = Debug|Any CPU
		{13C5D9AC-85B0-4B8D-BFCD-D33E65816988}.Ad-Hoc|iPhoneSimulator.ActiveCfg = Debug|Any CPU
		{13C5D9AC-85B0-4B8D-BFCD-D33E65816988}.Ad-Hoc|iPhoneSimulator.Build.0 = Debug|Any CPU
		{13C5D9AC-85B0-4B8D-BFCD-D33E65816988}.Ad-Hoc|x64.ActiveCfg = Debug|Any CPU
		{13C5D9AC-85B0-4B8D-BFCD-D33E65816988}.Ad-Hoc|x64.Build.0 = Debug|Any CPU
		{13C5D9AC-85B0-4B8D-BFCD-D33E65816988}.Ad-Hoc|x86.ActiveCfg = Debug|Any CPU
		{13C5D9AC-85B0-4B8D-BFCD-D33E65816988}.Ad-Hoc|x86.Build.0 = Debug|Any CPU
		{13C5D9AC-85B0-4B8D-BFCD-D33E65816988}.AppStore|Any CPU.ActiveCfg = Debug|Any CPU
		{13C5D9AC-85B0-4B8D-BFCD-D33E65816988}.AppStore|Any CPU.Build.0 = Debug|Any CPU
		{13C5D9AC-85B0-4B8D-BFCD-D33E65816988}.AppStore|ARM.ActiveCfg = Debug|Any CPU
		{13C5D9AC-85B0-4B8D-BFCD-D33E65816988}.AppStore|ARM.Build.0 = Debug|Any CPU
		{13C5D9AC-85B0-4B8D-BFCD-D33E65816988}.AppStore|iPhone.ActiveCfg = Debug|Any CPU
		{13C5D9AC-85B0-4B8D-BFCD-D33E65816988}.AppStore|iPhone.Build.0 = Debug|Any CPU
		{13C5D9AC-85B0-4B8D-BFCD-D33E65816988}.AppStore|iPhoneSimulator.ActiveCfg = Debug|Any CPU
		{13C5D9AC-85B0-4B8D-BFCD-D33E65816988}.AppStore|iPhoneSimulator.Build.0 = Debug|Any CPU
		{13C5D9AC-85B0-4B8D-BFCD-D33E65816988}.AppStore|x64.ActiveCfg = Debug|Any CPU
		{13C5D9AC-85B0-4B8D-BFCD-D33E65816988}.AppStore|x64.Build.0 = Debug|Any CPU
		{13C5D9AC-85B0-4B8D-BFCD-D33E65816988}.AppStore|x86.ActiveCfg = Debug|Any CPU
		{13C5D9AC-85B0-4B8D-BFCD-D33E65816988}.AppStore|x86.Build.0 = Debug|Any CPU
		{13C5D9AC-85B0-4B8D-BFCD-D33E65816988}.Debug|Any CPU.ActiveCfg = Debug|Any CPU
		{13C5D9AC-85B0-4B8D-BFCD-D33E65816988}.Debug|Any CPU.Build.0 = Debug|Any CPU
		{13C5D9AC-85B0-4B8D-BFCD-D33E65816988}.Debug|ARM.ActiveCfg = Debug|Any CPU
		{13C5D9AC-85B0-4B8D-BFCD-D33E65816988}.Debug|ARM.Build.0 = Debug|Any CPU
		{13C5D9AC-85B0-4B8D-BFCD-D33E65816988}.Debug|iPhone.ActiveCfg = Debug|Any CPU
		{13C5D9AC-85B0-4B8D-BFCD-D33E65816988}.Debug|iPhone.Build.0 = Debug|Any CPU
		{13C5D9AC-85B0-4B8D-BFCD-D33E65816988}.Debug|iPhoneSimulator.ActiveCfg = Debug|Any CPU
		{13C5D9AC-85B0-4B8D-BFCD-D33E65816988}.Debug|iPhoneSimulator.Build.0 = Debug|Any CPU
		{13C5D9AC-85B0-4B8D-BFCD-D33E65816988}.Debug|x64.ActiveCfg = Debug|Any CPU
		{13C5D9AC-85B0-4B8D-BFCD-D33E65816988}.Debug|x64.Build.0 = Debug|Any CPU
		{13C5D9AC-85B0-4B8D-BFCD-D33E65816988}.Debug|x86.ActiveCfg = Debug|Any CPU
		{13C5D9AC-85B0-4B8D-BFCD-D33E65816988}.Debug|x86.Build.0 = Debug|Any CPU
		{13C5D9AC-85B0-4B8D-BFCD-D33E65816988}.Release|Any CPU.ActiveCfg = Release|Any CPU
		{13C5D9AC-85B0-4B8D-BFCD-D33E65816988}.Release|Any CPU.Build.0 = Release|Any CPU
		{13C5D9AC-85B0-4B8D-BFCD-D33E65816988}.Release|ARM.ActiveCfg = Release|Any CPU
		{13C5D9AC-85B0-4B8D-BFCD-D33E65816988}.Release|ARM.Build.0 = Release|Any CPU
		{13C5D9AC-85B0-4B8D-BFCD-D33E65816988}.Release|iPhone.ActiveCfg = Release|Any CPU
		{13C5D9AC-85B0-4B8D-BFCD-D33E65816988}.Release|iPhone.Build.0 = Release|Any CPU
		{13C5D9AC-85B0-4B8D-BFCD-D33E65816988}.Release|iPhoneSimulator.ActiveCfg = Release|Any CPU
		{13C5D9AC-85B0-4B8D-BFCD-D33E65816988}.Release|iPhoneSimulator.Build.0 = Release|Any CPU
		{13C5D9AC-85B0-4B8D-BFCD-D33E65816988}.Release|x64.ActiveCfg = Release|Any CPU
		{13C5D9AC-85B0-4B8D-BFCD-D33E65816988}.Release|x64.Build.0 = Release|Any CPU
		{13C5D9AC-85B0-4B8D-BFCD-D33E65816988}.Release|x86.ActiveCfg = Release|Any CPU
		{13C5D9AC-85B0-4B8D-BFCD-D33E65816988}.Release|x86.Build.0 = Release|Any CPU
		{C059C2D5-E9A0-491F-A2E2-2A7FE1F736F0}.Ad-Hoc|Any CPU.ActiveCfg = Debug|Any CPU
		{C059C2D5-E9A0-491F-A2E2-2A7FE1F736F0}.Ad-Hoc|Any CPU.Build.0 = Debug|Any CPU
		{C059C2D5-E9A0-491F-A2E2-2A7FE1F736F0}.Ad-Hoc|ARM.ActiveCfg = Debug|Any CPU
		{C059C2D5-E9A0-491F-A2E2-2A7FE1F736F0}.Ad-Hoc|ARM.Build.0 = Debug|Any CPU
		{C059C2D5-E9A0-491F-A2E2-2A7FE1F736F0}.Ad-Hoc|iPhone.ActiveCfg = Debug|Any CPU
		{C059C2D5-E9A0-491F-A2E2-2A7FE1F736F0}.Ad-Hoc|iPhone.Build.0 = Debug|Any CPU
		{C059C2D5-E9A0-491F-A2E2-2A7FE1F736F0}.Ad-Hoc|iPhoneSimulator.ActiveCfg = Debug|Any CPU
		{C059C2D5-E9A0-491F-A2E2-2A7FE1F736F0}.Ad-Hoc|iPhoneSimulator.Build.0 = Debug|Any CPU
		{C059C2D5-E9A0-491F-A2E2-2A7FE1F736F0}.Ad-Hoc|x64.ActiveCfg = Debug|Any CPU
		{C059C2D5-E9A0-491F-A2E2-2A7FE1F736F0}.Ad-Hoc|x64.Build.0 = Debug|Any CPU
		{C059C2D5-E9A0-491F-A2E2-2A7FE1F736F0}.Ad-Hoc|x86.ActiveCfg = Debug|Any CPU
		{C059C2D5-E9A0-491F-A2E2-2A7FE1F736F0}.Ad-Hoc|x86.Build.0 = Debug|Any CPU
		{C059C2D5-E9A0-491F-A2E2-2A7FE1F736F0}.AppStore|Any CPU.ActiveCfg = Debug|Any CPU
		{C059C2D5-E9A0-491F-A2E2-2A7FE1F736F0}.AppStore|Any CPU.Build.0 = Debug|Any CPU
		{C059C2D5-E9A0-491F-A2E2-2A7FE1F736F0}.AppStore|ARM.ActiveCfg = Debug|Any CPU
		{C059C2D5-E9A0-491F-A2E2-2A7FE1F736F0}.AppStore|ARM.Build.0 = Debug|Any CPU
		{C059C2D5-E9A0-491F-A2E2-2A7FE1F736F0}.AppStore|iPhone.ActiveCfg = Debug|Any CPU
		{C059C2D5-E9A0-491F-A2E2-2A7FE1F736F0}.AppStore|iPhone.Build.0 = Debug|Any CPU
		{C059C2D5-E9A0-491F-A2E2-2A7FE1F736F0}.AppStore|iPhoneSimulator.ActiveCfg = Debug|Any CPU
		{C059C2D5-E9A0-491F-A2E2-2A7FE1F736F0}.AppStore|iPhoneSimulator.Build.0 = Debug|Any CPU
		{C059C2D5-E9A0-491F-A2E2-2A7FE1F736F0}.AppStore|x64.ActiveCfg = Debug|Any CPU
		{C059C2D5-E9A0-491F-A2E2-2A7FE1F736F0}.AppStore|x64.Build.0 = Debug|Any CPU
		{C059C2D5-E9A0-491F-A2E2-2A7FE1F736F0}.AppStore|x86.ActiveCfg = Debug|Any CPU
		{C059C2D5-E9A0-491F-A2E2-2A7FE1F736F0}.AppStore|x86.Build.0 = Debug|Any CPU
		{C059C2D5-E9A0-491F-A2E2-2A7FE1F736F0}.Debug|Any CPU.ActiveCfg = Debug|Any CPU
		{C059C2D5-E9A0-491F-A2E2-2A7FE1F736F0}.Debug|Any CPU.Build.0 = Debug|Any CPU
		{C059C2D5-E9A0-491F-A2E2-2A7FE1F736F0}.Debug|ARM.ActiveCfg = Debug|Any CPU
		{C059C2D5-E9A0-491F-A2E2-2A7FE1F736F0}.Debug|ARM.Build.0 = Debug|Any CPU
		{C059C2D5-E9A0-491F-A2E2-2A7FE1F736F0}.Debug|iPhone.ActiveCfg = Debug|Any CPU
		{C059C2D5-E9A0-491F-A2E2-2A7FE1F736F0}.Debug|iPhone.Build.0 = Debug|Any CPU
		{C059C2D5-E9A0-491F-A2E2-2A7FE1F736F0}.Debug|iPhoneSimulator.ActiveCfg = Debug|Any CPU
		{C059C2D5-E9A0-491F-A2E2-2A7FE1F736F0}.Debug|iPhoneSimulator.Build.0 = Debug|Any CPU
		{C059C2D5-E9A0-491F-A2E2-2A7FE1F736F0}.Debug|x64.ActiveCfg = Debug|Any CPU
		{C059C2D5-E9A0-491F-A2E2-2A7FE1F736F0}.Debug|x64.Build.0 = Debug|Any CPU
		{C059C2D5-E9A0-491F-A2E2-2A7FE1F736F0}.Debug|x86.ActiveCfg = Debug|Any CPU
		{C059C2D5-E9A0-491F-A2E2-2A7FE1F736F0}.Debug|x86.Build.0 = Debug|Any CPU
		{C059C2D5-E9A0-491F-A2E2-2A7FE1F736F0}.Release|Any CPU.ActiveCfg = Release|Any CPU
		{C059C2D5-E9A0-491F-A2E2-2A7FE1F736F0}.Release|Any CPU.Build.0 = Release|Any CPU
		{C059C2D5-E9A0-491F-A2E2-2A7FE1F736F0}.Release|ARM.ActiveCfg = Release|Any CPU
		{C059C2D5-E9A0-491F-A2E2-2A7FE1F736F0}.Release|ARM.Build.0 = Release|Any CPU
		{C059C2D5-E9A0-491F-A2E2-2A7FE1F736F0}.Release|iPhone.ActiveCfg = Release|Any CPU
		{C059C2D5-E9A0-491F-A2E2-2A7FE1F736F0}.Release|iPhone.Build.0 = Release|Any CPU
		{C059C2D5-E9A0-491F-A2E2-2A7FE1F736F0}.Release|iPhoneSimulator.ActiveCfg = Release|Any CPU
		{C059C2D5-E9A0-491F-A2E2-2A7FE1F736F0}.Release|iPhoneSimulator.Build.0 = Release|Any CPU
		{C059C2D5-E9A0-491F-A2E2-2A7FE1F736F0}.Release|x64.ActiveCfg = Release|Any CPU
		{C059C2D5-E9A0-491F-A2E2-2A7FE1F736F0}.Release|x64.Build.0 = Release|Any CPU
		{C059C2D5-E9A0-491F-A2E2-2A7FE1F736F0}.Release|x86.ActiveCfg = Release|Any CPU
		{C059C2D5-E9A0-491F-A2E2-2A7FE1F736F0}.Release|x86.Build.0 = Release|Any CPU
		{489617A1-60F0-4AC3-8BF2-C223A150DC3C}.Ad-Hoc|Any CPU.ActiveCfg = Debug|Any CPU
		{489617A1-60F0-4AC3-8BF2-C223A150DC3C}.Ad-Hoc|Any CPU.Build.0 = Debug|Any CPU
		{489617A1-60F0-4AC3-8BF2-C223A150DC3C}.Ad-Hoc|ARM.ActiveCfg = Debug|Any CPU
		{489617A1-60F0-4AC3-8BF2-C223A150DC3C}.Ad-Hoc|ARM.Build.0 = Debug|Any CPU
		{489617A1-60F0-4AC3-8BF2-C223A150DC3C}.Ad-Hoc|iPhone.ActiveCfg = Debug|Any CPU
		{489617A1-60F0-4AC3-8BF2-C223A150DC3C}.Ad-Hoc|iPhone.Build.0 = Debug|Any CPU
		{489617A1-60F0-4AC3-8BF2-C223A150DC3C}.Ad-Hoc|iPhoneSimulator.ActiveCfg = Debug|Any CPU
		{489617A1-60F0-4AC3-8BF2-C223A150DC3C}.Ad-Hoc|iPhoneSimulator.Build.0 = Debug|Any CPU
		{489617A1-60F0-4AC3-8BF2-C223A150DC3C}.Ad-Hoc|x64.ActiveCfg = Debug|Any CPU
		{489617A1-60F0-4AC3-8BF2-C223A150DC3C}.Ad-Hoc|x64.Build.0 = Debug|Any CPU
		{489617A1-60F0-4AC3-8BF2-C223A150DC3C}.Ad-Hoc|x86.ActiveCfg = Debug|Any CPU
		{489617A1-60F0-4AC3-8BF2-C223A150DC3C}.Ad-Hoc|x86.Build.0 = Debug|Any CPU
		{489617A1-60F0-4AC3-8BF2-C223A150DC3C}.AppStore|Any CPU.ActiveCfg = Debug|Any CPU
		{489617A1-60F0-4AC3-8BF2-C223A150DC3C}.AppStore|Any CPU.Build.0 = Debug|Any CPU
		{489617A1-60F0-4AC3-8BF2-C223A150DC3C}.AppStore|ARM.ActiveCfg = Debug|Any CPU
		{489617A1-60F0-4AC3-8BF2-C223A150DC3C}.AppStore|ARM.Build.0 = Debug|Any CPU
		{489617A1-60F0-4AC3-8BF2-C223A150DC3C}.AppStore|iPhone.ActiveCfg = Debug|Any CPU
		{489617A1-60F0-4AC3-8BF2-C223A150DC3C}.AppStore|iPhone.Build.0 = Debug|Any CPU
		{489617A1-60F0-4AC3-8BF2-C223A150DC3C}.AppStore|iPhoneSimulator.ActiveCfg = Debug|Any CPU
		{489617A1-60F0-4AC3-8BF2-C223A150DC3C}.AppStore|iPhoneSimulator.Build.0 = Debug|Any CPU
		{489617A1-60F0-4AC3-8BF2-C223A150DC3C}.AppStore|x64.ActiveCfg = Debug|Any CPU
		{489617A1-60F0-4AC3-8BF2-C223A150DC3C}.AppStore|x64.Build.0 = Debug|Any CPU
		{489617A1-60F0-4AC3-8BF2-C223A150DC3C}.AppStore|x86.ActiveCfg = Debug|Any CPU
		{489617A1-60F0-4AC3-8BF2-C223A150DC3C}.AppStore|x86.Build.0 = Debug|Any CPU
		{489617A1-60F0-4AC3-8BF2-C223A150DC3C}.Debug|Any CPU.ActiveCfg = Debug|Any CPU
		{489617A1-60F0-4AC3-8BF2-C223A150DC3C}.Debug|Any CPU.Build.0 = Debug|Any CPU
		{489617A1-60F0-4AC3-8BF2-C223A150DC3C}.Debug|ARM.ActiveCfg = Debug|Any CPU
		{489617A1-60F0-4AC3-8BF2-C223A150DC3C}.Debug|ARM.Build.0 = Debug|Any CPU
		{489617A1-60F0-4AC3-8BF2-C223A150DC3C}.Debug|iPhone.ActiveCfg = Debug|Any CPU
		{489617A1-60F0-4AC3-8BF2-C223A150DC3C}.Debug|iPhone.Build.0 = Debug|Any CPU
		{489617A1-60F0-4AC3-8BF2-C223A150DC3C}.Debug|iPhoneSimulator.ActiveCfg = Debug|Any CPU
		{489617A1-60F0-4AC3-8BF2-C223A150DC3C}.Debug|iPhoneSimulator.Build.0 = Debug|Any CPU
		{489617A1-60F0-4AC3-8BF2-C223A150DC3C}.Debug|x64.ActiveCfg = Debug|Any CPU
		{489617A1-60F0-4AC3-8BF2-C223A150DC3C}.Debug|x64.Build.0 = Debug|Any CPU
		{489617A1-60F0-4AC3-8BF2-C223A150DC3C}.Debug|x86.ActiveCfg = Debug|Any CPU
		{489617A1-60F0-4AC3-8BF2-C223A150DC3C}.Debug|x86.Build.0 = Debug|Any CPU
		{489617A1-60F0-4AC3-8BF2-C223A150DC3C}.Release|Any CPU.ActiveCfg = Release|Any CPU
		{489617A1-60F0-4AC3-8BF2-C223A150DC3C}.Release|Any CPU.Build.0 = Release|Any CPU
		{489617A1-60F0-4AC3-8BF2-C223A150DC3C}.Release|ARM.ActiveCfg = Release|Any CPU
		{489617A1-60F0-4AC3-8BF2-C223A150DC3C}.Release|ARM.Build.0 = Release|Any CPU
		{489617A1-60F0-4AC3-8BF2-C223A150DC3C}.Release|iPhone.ActiveCfg = Release|Any CPU
		{489617A1-60F0-4AC3-8BF2-C223A150DC3C}.Release|iPhone.Build.0 = Release|Any CPU
		{489617A1-60F0-4AC3-8BF2-C223A150DC3C}.Release|iPhoneSimulator.ActiveCfg = Release|Any CPU
		{489617A1-60F0-4AC3-8BF2-C223A150DC3C}.Release|iPhoneSimulator.Build.0 = Release|Any CPU
		{489617A1-60F0-4AC3-8BF2-C223A150DC3C}.Release|x64.ActiveCfg = Release|Any CPU
		{489617A1-60F0-4AC3-8BF2-C223A150DC3C}.Release|x64.Build.0 = Release|Any CPU
		{489617A1-60F0-4AC3-8BF2-C223A150DC3C}.Release|x86.ActiveCfg = Release|Any CPU
		{489617A1-60F0-4AC3-8BF2-C223A150DC3C}.Release|x86.Build.0 = Release|Any CPU
		{A37330D1-7D16-4E5E-9568-735BD8F80B2A}.Ad-Hoc|Any CPU.ActiveCfg = Debug|Any CPU
		{A37330D1-7D16-4E5E-9568-735BD8F80B2A}.Ad-Hoc|Any CPU.Build.0 = Debug|Any CPU
		{A37330D1-7D16-4E5E-9568-735BD8F80B2A}.Ad-Hoc|Any CPU.Deploy.0 = Debug|Any CPU
		{A37330D1-7D16-4E5E-9568-735BD8F80B2A}.Ad-Hoc|ARM.ActiveCfg = Debug|Any CPU
		{A37330D1-7D16-4E5E-9568-735BD8F80B2A}.Ad-Hoc|ARM.Build.0 = Debug|Any CPU
		{A37330D1-7D16-4E5E-9568-735BD8F80B2A}.Ad-Hoc|ARM.Deploy.0 = Debug|Any CPU
		{A37330D1-7D16-4E5E-9568-735BD8F80B2A}.Ad-Hoc|iPhone.ActiveCfg = Debug|Any CPU
		{A37330D1-7D16-4E5E-9568-735BD8F80B2A}.Ad-Hoc|iPhone.Build.0 = Debug|Any CPU
		{A37330D1-7D16-4E5E-9568-735BD8F80B2A}.Ad-Hoc|iPhone.Deploy.0 = Debug|Any CPU
		{A37330D1-7D16-4E5E-9568-735BD8F80B2A}.Ad-Hoc|iPhoneSimulator.ActiveCfg = Debug|Any CPU
		{A37330D1-7D16-4E5E-9568-735BD8F80B2A}.Ad-Hoc|iPhoneSimulator.Build.0 = Debug|Any CPU
		{A37330D1-7D16-4E5E-9568-735BD8F80B2A}.Ad-Hoc|iPhoneSimulator.Deploy.0 = Debug|Any CPU
		{A37330D1-7D16-4E5E-9568-735BD8F80B2A}.Ad-Hoc|x64.ActiveCfg = Debug|Any CPU
		{A37330D1-7D16-4E5E-9568-735BD8F80B2A}.Ad-Hoc|x64.Build.0 = Debug|Any CPU
		{A37330D1-7D16-4E5E-9568-735BD8F80B2A}.Ad-Hoc|x64.Deploy.0 = Debug|Any CPU
		{A37330D1-7D16-4E5E-9568-735BD8F80B2A}.Ad-Hoc|x86.ActiveCfg = Debug|Any CPU
		{A37330D1-7D16-4E5E-9568-735BD8F80B2A}.Ad-Hoc|x86.Build.0 = Debug|Any CPU
		{A37330D1-7D16-4E5E-9568-735BD8F80B2A}.Ad-Hoc|x86.Deploy.0 = Debug|Any CPU
		{A37330D1-7D16-4E5E-9568-735BD8F80B2A}.AppStore|Any CPU.ActiveCfg = Debug|Any CPU
		{A37330D1-7D16-4E5E-9568-735BD8F80B2A}.AppStore|Any CPU.Build.0 = Debug|Any CPU
		{A37330D1-7D16-4E5E-9568-735BD8F80B2A}.AppStore|Any CPU.Deploy.0 = Debug|Any CPU
		{A37330D1-7D16-4E5E-9568-735BD8F80B2A}.AppStore|ARM.ActiveCfg = Debug|Any CPU
		{A37330D1-7D16-4E5E-9568-735BD8F80B2A}.AppStore|ARM.Build.0 = Debug|Any CPU
		{A37330D1-7D16-4E5E-9568-735BD8F80B2A}.AppStore|ARM.Deploy.0 = Debug|Any CPU
		{A37330D1-7D16-4E5E-9568-735BD8F80B2A}.AppStore|iPhone.ActiveCfg = Debug|Any CPU
		{A37330D1-7D16-4E5E-9568-735BD8F80B2A}.AppStore|iPhone.Build.0 = Debug|Any CPU
		{A37330D1-7D16-4E5E-9568-735BD8F80B2A}.AppStore|iPhone.Deploy.0 = Debug|Any CPU
		{A37330D1-7D16-4E5E-9568-735BD8F80B2A}.AppStore|iPhoneSimulator.ActiveCfg = Debug|Any CPU
		{A37330D1-7D16-4E5E-9568-735BD8F80B2A}.AppStore|iPhoneSimulator.Build.0 = Debug|Any CPU
		{A37330D1-7D16-4E5E-9568-735BD8F80B2A}.AppStore|iPhoneSimulator.Deploy.0 = Debug|Any CPU
		{A37330D1-7D16-4E5E-9568-735BD8F80B2A}.AppStore|x64.ActiveCfg = Debug|Any CPU
		{A37330D1-7D16-4E5E-9568-735BD8F80B2A}.AppStore|x64.Build.0 = Debug|Any CPU
		{A37330D1-7D16-4E5E-9568-735BD8F80B2A}.AppStore|x64.Deploy.0 = Debug|Any CPU
		{A37330D1-7D16-4E5E-9568-735BD8F80B2A}.AppStore|x86.ActiveCfg = Debug|Any CPU
		{A37330D1-7D16-4E5E-9568-735BD8F80B2A}.AppStore|x86.Build.0 = Debug|Any CPU
		{A37330D1-7D16-4E5E-9568-735BD8F80B2A}.AppStore|x86.Deploy.0 = Debug|Any CPU
		{A37330D1-7D16-4E5E-9568-735BD8F80B2A}.Debug|Any CPU.ActiveCfg = Debug|Any CPU
		{A37330D1-7D16-4E5E-9568-735BD8F80B2A}.Debug|Any CPU.Build.0 = Debug|Any CPU
		{A37330D1-7D16-4E5E-9568-735BD8F80B2A}.Debug|Any CPU.Deploy.0 = Debug|Any CPU
		{A37330D1-7D16-4E5E-9568-735BD8F80B2A}.Debug|ARM.ActiveCfg = Debug|Any CPU
		{A37330D1-7D16-4E5E-9568-735BD8F80B2A}.Debug|ARM.Build.0 = Debug|Any CPU
		{A37330D1-7D16-4E5E-9568-735BD8F80B2A}.Debug|ARM.Deploy.0 = Debug|Any CPU
		{A37330D1-7D16-4E5E-9568-735BD8F80B2A}.Debug|iPhone.ActiveCfg = Debug|Any CPU
		{A37330D1-7D16-4E5E-9568-735BD8F80B2A}.Debug|iPhone.Build.0 = Debug|Any CPU
		{A37330D1-7D16-4E5E-9568-735BD8F80B2A}.Debug|iPhone.Deploy.0 = Debug|Any CPU
		{A37330D1-7D16-4E5E-9568-735BD8F80B2A}.Debug|iPhoneSimulator.ActiveCfg = Debug|Any CPU
		{A37330D1-7D16-4E5E-9568-735BD8F80B2A}.Debug|iPhoneSimulator.Build.0 = Debug|Any CPU
		{A37330D1-7D16-4E5E-9568-735BD8F80B2A}.Debug|iPhoneSimulator.Deploy.0 = Debug|Any CPU
		{A37330D1-7D16-4E5E-9568-735BD8F80B2A}.Debug|x64.ActiveCfg = Debug|Any CPU
		{A37330D1-7D16-4E5E-9568-735BD8F80B2A}.Debug|x64.Build.0 = Debug|Any CPU
		{A37330D1-7D16-4E5E-9568-735BD8F80B2A}.Debug|x64.Deploy.0 = Debug|Any CPU
		{A37330D1-7D16-4E5E-9568-735BD8F80B2A}.Debug|x86.ActiveCfg = Debug|Any CPU
		{A37330D1-7D16-4E5E-9568-735BD8F80B2A}.Debug|x86.Build.0 = Debug|Any CPU
		{A37330D1-7D16-4E5E-9568-735BD8F80B2A}.Debug|x86.Deploy.0 = Debug|Any CPU
		{A37330D1-7D16-4E5E-9568-735BD8F80B2A}.Release|Any CPU.ActiveCfg = Release|Any CPU
		{A37330D1-7D16-4E5E-9568-735BD8F80B2A}.Release|Any CPU.Build.0 = Release|Any CPU
		{A37330D1-7D16-4E5E-9568-735BD8F80B2A}.Release|Any CPU.Deploy.0 = Release|Any CPU
		{A37330D1-7D16-4E5E-9568-735BD8F80B2A}.Release|ARM.ActiveCfg = Release|Any CPU
		{A37330D1-7D16-4E5E-9568-735BD8F80B2A}.Release|ARM.Build.0 = Release|Any CPU
		{A37330D1-7D16-4E5E-9568-735BD8F80B2A}.Release|ARM.Deploy.0 = Release|Any CPU
		{A37330D1-7D16-4E5E-9568-735BD8F80B2A}.Release|iPhone.ActiveCfg = Release|Any CPU
		{A37330D1-7D16-4E5E-9568-735BD8F80B2A}.Release|iPhone.Build.0 = Release|Any CPU
		{A37330D1-7D16-4E5E-9568-735BD8F80B2A}.Release|iPhone.Deploy.0 = Release|Any CPU
		{A37330D1-7D16-4E5E-9568-735BD8F80B2A}.Release|iPhoneSimulator.ActiveCfg = Release|Any CPU
		{A37330D1-7D16-4E5E-9568-735BD8F80B2A}.Release|iPhoneSimulator.Build.0 = Release|Any CPU
		{A37330D1-7D16-4E5E-9568-735BD8F80B2A}.Release|iPhoneSimulator.Deploy.0 = Release|Any CPU
		{A37330D1-7D16-4E5E-9568-735BD8F80B2A}.Release|x64.ActiveCfg = Release|Any CPU
		{A37330D1-7D16-4E5E-9568-735BD8F80B2A}.Release|x64.Build.0 = Release|Any CPU
		{A37330D1-7D16-4E5E-9568-735BD8F80B2A}.Release|x64.Deploy.0 = Release|Any CPU
		{A37330D1-7D16-4E5E-9568-735BD8F80B2A}.Release|x86.ActiveCfg = Release|Any CPU
		{A37330D1-7D16-4E5E-9568-735BD8F80B2A}.Release|x86.Build.0 = Release|Any CPU
		{A37330D1-7D16-4E5E-9568-735BD8F80B2A}.Release|x86.Deploy.0 = Release|Any CPU
		{B91EA883-A771-4301-909A-13C91175EF21}.Ad-Hoc|Any CPU.ActiveCfg = Release|Any CPU
		{B91EA883-A771-4301-909A-13C91175EF21}.Ad-Hoc|Any CPU.Build.0 = Release|Any CPU
		{B91EA883-A771-4301-909A-13C91175EF21}.Ad-Hoc|ARM.ActiveCfg = Release|Any CPU
		{B91EA883-A771-4301-909A-13C91175EF21}.Ad-Hoc|ARM.Build.0 = Release|Any CPU
		{B91EA883-A771-4301-909A-13C91175EF21}.Ad-Hoc|iPhone.ActiveCfg = Release|Any CPU
		{B91EA883-A771-4301-909A-13C91175EF21}.Ad-Hoc|iPhone.Build.0 = Release|Any CPU
		{B91EA883-A771-4301-909A-13C91175EF21}.Ad-Hoc|iPhoneSimulator.ActiveCfg = Release|Any CPU
		{B91EA883-A771-4301-909A-13C91175EF21}.Ad-Hoc|iPhoneSimulator.Build.0 = Release|Any CPU
		{B91EA883-A771-4301-909A-13C91175EF21}.Ad-Hoc|x64.ActiveCfg = Release|Any CPU
		{B91EA883-A771-4301-909A-13C91175EF21}.Ad-Hoc|x64.Build.0 = Release|Any CPU
		{B91EA883-A771-4301-909A-13C91175EF21}.Ad-Hoc|x86.ActiveCfg = Release|Any CPU
		{B91EA883-A771-4301-909A-13C91175EF21}.Ad-Hoc|x86.Build.0 = Release|Any CPU
		{B91EA883-A771-4301-909A-13C91175EF21}.AppStore|Any CPU.ActiveCfg = Release|Any CPU
		{B91EA883-A771-4301-909A-13C91175EF21}.AppStore|Any CPU.Build.0 = Release|Any CPU
		{B91EA883-A771-4301-909A-13C91175EF21}.AppStore|ARM.ActiveCfg = Release|Any CPU
		{B91EA883-A771-4301-909A-13C91175EF21}.AppStore|ARM.Build.0 = Release|Any CPU
		{B91EA883-A771-4301-909A-13C91175EF21}.AppStore|iPhone.ActiveCfg = Release|Any CPU
		{B91EA883-A771-4301-909A-13C91175EF21}.AppStore|iPhone.Build.0 = Release|Any CPU
		{B91EA883-A771-4301-909A-13C91175EF21}.AppStore|iPhoneSimulator.ActiveCfg = Release|Any CPU
		{B91EA883-A771-4301-909A-13C91175EF21}.AppStore|iPhoneSimulator.Build.0 = Release|Any CPU
		{B91EA883-A771-4301-909A-13C91175EF21}.AppStore|x64.ActiveCfg = Release|Any CPU
		{B91EA883-A771-4301-909A-13C91175EF21}.AppStore|x64.Build.0 = Release|Any CPU
		{B91EA883-A771-4301-909A-13C91175EF21}.AppStore|x86.ActiveCfg = Release|Any CPU
		{B91EA883-A771-4301-909A-13C91175EF21}.AppStore|x86.Build.0 = Release|Any CPU
		{B91EA883-A771-4301-909A-13C91175EF21}.Debug|Any CPU.ActiveCfg = Debug|Any CPU
		{B91EA883-A771-4301-909A-13C91175EF21}.Debug|ARM.ActiveCfg = Debug|Any CPU
		{B91EA883-A771-4301-909A-13C91175EF21}.Debug|ARM.Build.0 = Debug|Any CPU
		{B91EA883-A771-4301-909A-13C91175EF21}.Debug|iPhone.ActiveCfg = Debug|Any CPU
		{B91EA883-A771-4301-909A-13C91175EF21}.Debug|iPhone.Build.0 = Debug|Any CPU
		{B91EA883-A771-4301-909A-13C91175EF21}.Debug|iPhoneSimulator.ActiveCfg = Debug|Any CPU
		{B91EA883-A771-4301-909A-13C91175EF21}.Debug|iPhoneSimulator.Build.0 = Debug|Any CPU
		{B91EA883-A771-4301-909A-13C91175EF21}.Debug|x64.ActiveCfg = Debug|Any CPU
		{B91EA883-A771-4301-909A-13C91175EF21}.Debug|x64.Build.0 = Debug|Any CPU
		{B91EA883-A771-4301-909A-13C91175EF21}.Debug|x86.ActiveCfg = Debug|Any CPU
		{B91EA883-A771-4301-909A-13C91175EF21}.Debug|x86.Build.0 = Debug|Any CPU
		{B91EA883-A771-4301-909A-13C91175EF21}.Release|Any CPU.ActiveCfg = Release|Any CPU
		{B91EA883-A771-4301-909A-13C91175EF21}.Release|ARM.ActiveCfg = Release|Any CPU
		{B91EA883-A771-4301-909A-13C91175EF21}.Release|ARM.Build.0 = Release|Any CPU
		{B91EA883-A771-4301-909A-13C91175EF21}.Release|iPhone.ActiveCfg = Release|Any CPU
		{B91EA883-A771-4301-909A-13C91175EF21}.Release|iPhone.Build.0 = Release|Any CPU
		{B91EA883-A771-4301-909A-13C91175EF21}.Release|iPhoneSimulator.ActiveCfg = Release|Any CPU
		{B91EA883-A771-4301-909A-13C91175EF21}.Release|iPhoneSimulator.Build.0 = Release|Any CPU
		{B91EA883-A771-4301-909A-13C91175EF21}.Release|x64.ActiveCfg = Release|Any CPU
		{B91EA883-A771-4301-909A-13C91175EF21}.Release|x64.Build.0 = Release|Any CPU
		{B91EA883-A771-4301-909A-13C91175EF21}.Release|x86.ActiveCfg = Release|Any CPU
		{B91EA883-A771-4301-909A-13C91175EF21}.Release|x86.Build.0 = Release|Any CPU
	EndGlobalSection
	GlobalSection(SolutionProperties) = preSolution
		HideSolutionNode = FALSE
	EndGlobalSection
	GlobalSection(ExtensibilityGlobals) = postSolution
		SolutionGuid = {0B1D3713-C9D2-43FB-93DF-85E2490EE1E6}
	EndGlobalSection
EndGlobal
