
Microsoft Visual Studio Solution File, Format Version 12.00
# Visual Studio Version 16
VisualStudioVersion = 16.0.30128.74
MinimumVisualStudioVersion = 10.0.40219.1
Project("{9A19103F-16F7-4668-BE54-9A1E7A4F7556}") = "ReactiveMvvm", "ReactiveMvvm\ReactiveMvvm.csproj", "{0066F747-ED1F-4F3F-B454-1A80BA5CE56E}"
EndProject
Project("{FAE04EC0-301F-11D3-BF4B-00C04F79EFBC}") = "ReactiveMvvm.Uwp", "ReactiveMvvm.Uwp\ReactiveMvvm.Uwp.csproj", "{0129C158-D9E7-49B9-A9B3-558BC98AF328}"
EndProject
Project("{9A19103F-16F7-4668-BE54-9A1E7A4F7556}") = "ReactiveMvvm.Avalonia", "ReactiveMvvm.Avalonia\ReactiveMvvm.Avalonia.csproj", "{D994276D-BD84-4E5A-B14F-A090EA32A34F}"
EndProject
Project("{9A19103F-16F7-4668-BE54-9A1E7A4F7556}") = "ReactiveMvvm.Xamarin", "ReactiveMvvm.Xamarin\ReactiveMvvm.Xamarin.csproj", "{81924E5B-F9C7-47CE-B1CF-B7B14811A042}"
EndProject
Project("{FAE04EC0-301F-11D3-BF4B-00C04F79EFBC}") = "ReactiveMvvm.Xamarin.Android", "ReactiveMvvm.Xamarin.Android\ReactiveMvvm.Xamarin.Android.csproj", "{F556C0EB-7C8C-4E2B-8D8F-E2D92C1390C1}"
EndProject
Project("{FAE04EC0-301F-11D3-BF4B-00C04F79EFBC}") = "ReactiveMvvm.Wpf", "ReactiveMvvm.Wpf\ReactiveMvvm.Wpf.csproj", "{35F02F28-515B-44FB-8280-60F4CC38B99A}"
EndProject
Project("{9A19103F-16F7-4668-BE54-9A1E7A4F7556}") = "ReactiveMvvm.Tests", "ReactiveMvvm.Tests\ReactiveMvvm.Tests.csproj", "{9FED4BB7-0F5F-480F-B2B1-0CDBDB0F7434}"
EndProject
Project("{FAE04EC0-301F-11D3-BF4B-00C04F79EFBC}") = "ReactiveMvvm.WinForms", "ReactiveMvvm.WinForms\ReactiveMvvm.WinForms.csproj", "{1751EFC7-79EC-43E8-8CF4-443152A0A64C}"
EndProject
Project("{FAE04EC0-301F-11D3-BF4B-00C04F79EFBC}") = "ReactiveMvvm.Xamarin.iOS", "ReactiveMvvm.Xamarin.iOS\ReactiveMvvm.Xamarin.iOS.csproj", "{80A96B52-6758-4BDB-B0B4-CEA4CA155C60}"
EndProject
Project("{FAE04EC0-301F-11D3-BF4B-00C04F79EFBC}") = "ReactiveMvvm.Terminal", "ReactiveMvvm.Terminal\ReactiveMvvm.Terminal.csproj", "{A494A16D-1772-487B-94EF-B8381250F916}"
EndProject
Project("{FAE04EC0-301F-11D3-BF4B-00C04F79EFBC}") = "build", "..\build\build.csproj", "{873F62EE-0231-4206-A2E6-B9DF19E56004}"
EndProject
Project("{FAE04EC0-301F-11D3-BF4B-00C04F79EFBC}") = "ReactiveMvvm.Blazor.Server", "ReactiveMvvm.Blazor.Server\ReactiveMvvm.Blazor.Server.csproj", "{13C5D9AC-85B0-4B8D-BFCD-D33E65816988}"
EndProject
Project("{FAE04EC0-301F-11D3-BF4B-00C04F79EFBC}") = "ReactiveMvvm.Blazor.Wasm", "ReactiveMvvm.Blazor.Wasm\ReactiveMvvm.Blazor.Wasm.csproj", "{C059C2D5-E9A0-491F-A2E2-2A7FE1F736F0}"
EndProject
Global
	GlobalSection(SolutionConfigurationPlatforms) = preSolution
		Ad-Hoc|Any CPU = Ad-Hoc|Any CPU
		Ad-Hoc|ARM = Ad-Hoc|ARM
		Ad-Hoc|iPhone = Ad-Hoc|iPhone
		Ad-Hoc|iPhoneSimulator = Ad-Hoc|iPhoneSimulator
		Ad-Hoc|x64 = Ad-Hoc|x64
		Ad-Hoc|x86 = Ad-Hoc|x86
		AppStore|Any CPU = AppStore|Any CPU
		AppStore|ARM = AppStore|ARM
		AppStore|iPhone = AppStore|iPhone
		AppStore|iPhoneSimulator = AppStore|iPhoneSimulator
		AppStore|x64 = AppStore|x64
		AppStore|x86 = AppStore|x86
		Debug|Any CPU = Debug|Any CPU
		Debug|ARM = Debug|ARM
		Debug|iPhone = Debug|iPhone
		Debug|iPhoneSimulator = Debug|iPhoneSimulator
		Debug|x64 = Debug|x64
		Debug|x86 = Debug|x86
		Release|Any CPU = Release|Any CPU
		Release|ARM = Release|ARM
		Release|iPhone = Release|iPhone
		Release|iPhoneSimulator = Release|iPhoneSimulator
		Release|x64 = Release|x64
		Release|x86 = Release|x86
	EndGlobalSection
	GlobalSection(ProjectConfigurationPlatforms) = postSolution
		{0066F747-ED1F-4F3F-B454-1A80BA5CE56E}.Ad-Hoc|Any CPU.ActiveCfg = Release|Any CPU
		{0066F747-ED1F-4F3F-B454-1A80BA5CE56E}.Ad-Hoc|Any CPU.Build.0 = Release|Any CPU
		{0066F747-ED1F-4F3F-B454-1A80BA5CE56E}.Ad-Hoc|ARM.ActiveCfg = Release|Any CPU
		{0066F747-ED1F-4F3F-B454-1A80BA5CE56E}.Ad-Hoc|ARM.Build.0 = Release|Any CPU
		{0066F747-ED1F-4F3F-B454-1A80BA5CE56E}.Ad-Hoc|iPhone.ActiveCfg = Release|Any CPU
		{0066F747-ED1F-4F3F-B454-1A80BA5CE56E}.Ad-Hoc|iPhone.Build.0 = Release|Any CPU
		{0066F747-ED1F-4F3F-B454-1A80BA5CE56E}.Ad-Hoc|iPhoneSimulator.ActiveCfg = Release|Any CPU
		{0066F747-ED1F-4F3F-B454-1A80BA5CE56E}.Ad-Hoc|iPhoneSimulator.Build.0 = Release|Any CPU
		{0066F747-ED1F-4F3F-B454-1A80BA5CE56E}.Ad-Hoc|x64.ActiveCfg = Release|Any CPU
		{0066F747-ED1F-4F3F-B454-1A80BA5CE56E}.Ad-Hoc|x64.Build.0 = Release|Any CPU
		{0066F747-ED1F-4F3F-B454-1A80BA5CE56E}.Ad-Hoc|x86.ActiveCfg = Release|Any CPU
		{0066F747-ED1F-4F3F-B454-1A80BA5CE56E}.Ad-Hoc|x86.Build.0 = Release|Any CPU
		{0066F747-ED1F-4F3F-B454-1A80BA5CE56E}.AppStore|Any CPU.ActiveCfg = Release|Any CPU
		{0066F747-ED1F-4F3F-B454-1A80BA5CE56E}.AppStore|Any CPU.Build.0 = Release|Any CPU
		{0066F747-ED1F-4F3F-B454-1A80BA5CE56E}.AppStore|ARM.ActiveCfg = Release|Any CPU
		{0066F747-ED1F-4F3F-B454-1A80BA5CE56E}.AppStore|ARM.Build.0 = Release|Any CPU
		{0066F747-ED1F-4F3F-B454-1A80BA5CE56E}.AppStore|iPhone.ActiveCfg = Release|Any CPU
		{0066F747-ED1F-4F3F-B454-1A80BA5CE56E}.AppStore|iPhone.Build.0 = Release|Any CPU
		{0066F747-ED1F-4F3F-B454-1A80BA5CE56E}.AppStore|iPhoneSimulator.ActiveCfg = Release|Any CPU
		{0066F747-ED1F-4F3F-B454-1A80BA5CE56E}.AppStore|iPhoneSimulator.Build.0 = Release|Any CPU
		{0066F747-ED1F-4F3F-B454-1A80BA5CE56E}.AppStore|x64.ActiveCfg = Release|Any CPU
		{0066F747-ED1F-4F3F-B454-1A80BA5CE56E}.AppStore|x64.Build.0 = Release|Any CPU
		{0066F747-ED1F-4F3F-B454-1A80BA5CE56E}.AppStore|x86.ActiveCfg = Release|Any CPU
		{0066F747-ED1F-4F3F-B454-1A80BA5CE56E}.AppStore|x86.Build.0 = Release|Any CPU
		{0066F747-ED1F-4F3F-B454-1A80BA5CE56E}.Debug|Any CPU.ActiveCfg = Debug|Any CPU
		{0066F747-ED1F-4F3F-B454-1A80BA5CE56E}.Debug|Any CPU.Build.0 = Debug|Any CPU
		{0066F747-ED1F-4F3F-B454-1A80BA5CE56E}.Debug|ARM.ActiveCfg = Debug|Any CPU
		{0066F747-ED1F-4F3F-B454-1A80BA5CE56E}.Debug|ARM.Build.0 = Debug|Any CPU
		{0066F747-ED1F-4F3F-B454-1A80BA5CE56E}.Debug|iPhone.ActiveCfg = Debug|Any CPU
		{0066F747-ED1F-4F3F-B454-1A80BA5CE56E}.Debug|iPhone.Build.0 = Debug|Any CPU
		{0066F747-ED1F-4F3F-B454-1A80BA5CE56E}.Debug|iPhoneSimulator.ActiveCfg = Debug|Any CPU
		{0066F747-ED1F-4F3F-B454-1A80BA5CE56E}.Debug|iPhoneSimulator.Build.0 = Debug|Any CPU
		{0066F747-ED1F-4F3F-B454-1A80BA5CE56E}.Debug|x64.ActiveCfg = Debug|Any CPU
		{0066F747-ED1F-4F3F-B454-1A80BA5CE56E}.Debug|x64.Build.0 = Debug|Any CPU
		{0066F747-ED1F-4F3F-B454-1A80BA5CE56E}.Debug|x86.ActiveCfg = Debug|Any CPU
		{0066F747-ED1F-4F3F-B454-1A80BA5CE56E}.Debug|x86.Build.0 = Debug|Any CPU
		{0066F747-ED1F-4F3F-B454-1A80BA5CE56E}.Release|Any CPU.ActiveCfg = Release|Any CPU
		{0066F747-ED1F-4F3F-B454-1A80BA5CE56E}.Release|Any CPU.Build.0 = Release|Any CPU
		{0066F747-ED1F-4F3F-B454-1A80BA5CE56E}.Release|ARM.ActiveCfg = Release|Any CPU
		{0066F747-ED1F-4F3F-B454-1A80BA5CE56E}.Release|ARM.Build.0 = Release|Any CPU
		{0066F747-ED1F-4F3F-B454-1A80BA5CE56E}.Release|iPhone.ActiveCfg = Release|Any CPU
		{0066F747-ED1F-4F3F-B454-1A80BA5CE56E}.Release|iPhone.Build.0 = Release|Any CPU
		{0066F747-ED1F-4F3F-B454-1A80BA5CE56E}.Release|iPhoneSimulator.ActiveCfg = Release|Any CPU
		{0066F747-ED1F-4F3F-B454-1A80BA5CE56E}.Release|iPhoneSimulator.Build.0 = Release|Any CPU
		{0066F747-ED1F-4F3F-B454-1A80BA5CE56E}.Release|x64.ActiveCfg = Release|Any CPU
		{0066F747-ED1F-4F3F-B454-1A80BA5CE56E}.Release|x64.Build.0 = Release|Any CPU
		{0066F747-ED1F-4F3F-B454-1A80BA5CE56E}.Release|x86.ActiveCfg = Release|Any CPU
		{0066F747-ED1F-4F3F-B454-1A80BA5CE56E}.Release|x86.Build.0 = Release|Any CPU
		{0129C158-D9E7-49B9-A9B3-558BC98AF328}.Ad-Hoc|Any CPU.ActiveCfg = Release|x64
		{0129C158-D9E7-49B9-A9B3-558BC98AF328}.Ad-Hoc|ARM.ActiveCfg = Release|ARM
		{0129C158-D9E7-49B9-A9B3-558BC98AF328}.Ad-Hoc|iPhone.ActiveCfg = Release|x64
		{0129C158-D9E7-49B9-A9B3-558BC98AF328}.Ad-Hoc|iPhoneSimulator.ActiveCfg = Release|x64
		{0129C158-D9E7-49B9-A9B3-558BC98AF328}.Ad-Hoc|x64.ActiveCfg = Release|x64
		{0129C158-D9E7-49B9-A9B3-558BC98AF328}.Ad-Hoc|x86.ActiveCfg = Release|x86
		{0129C158-D9E7-49B9-A9B3-558BC98AF328}.AppStore|Any CPU.ActiveCfg = Release|x64
		{0129C158-D9E7-49B9-A9B3-558BC98AF328}.AppStore|ARM.ActiveCfg = Release|ARM
		{0129C158-D9E7-49B9-A9B3-558BC98AF328}.AppStore|iPhone.ActiveCfg = Release|x64
		{0129C158-D9E7-49B9-A9B3-558BC98AF328}.AppStore|iPhoneSimulator.ActiveCfg = Release|x64
		{0129C158-D9E7-49B9-A9B3-558BC98AF328}.AppStore|x64.ActiveCfg = Release|x64
		{0129C158-D9E7-49B9-A9B3-558BC98AF328}.AppStore|x86.ActiveCfg = Release|x86
		{0129C158-D9E7-49B9-A9B3-558BC98AF328}.Debug|Any CPU.ActiveCfg = Debug|x86
		{0129C158-D9E7-49B9-A9B3-558BC98AF328}.Debug|Any CPU.Build.0 = Debug|x86
		{0129C158-D9E7-49B9-A9B3-558BC98AF328}.Debug|ARM.ActiveCfg = Debug|ARM
		{0129C158-D9E7-49B9-A9B3-558BC98AF328}.Debug|ARM.Build.0 = Debug|ARM
		{0129C158-D9E7-49B9-A9B3-558BC98AF328}.Debug|ARM.Deploy.0 = Debug|ARM
		{0129C158-D9E7-49B9-A9B3-558BC98AF328}.Debug|iPhone.ActiveCfg = Debug|x86
		{0129C158-D9E7-49B9-A9B3-558BC98AF328}.Debug|iPhoneSimulator.ActiveCfg = Debug|x86
		{0129C158-D9E7-49B9-A9B3-558BC98AF328}.Debug|x64.ActiveCfg = Debug|x64
		{0129C158-D9E7-49B9-A9B3-558BC98AF328}.Debug|x64.Build.0 = Debug|x64
		{0129C158-D9E7-49B9-A9B3-558BC98AF328}.Debug|x64.Deploy.0 = Debug|x64
		{0129C158-D9E7-49B9-A9B3-558BC98AF328}.Debug|x86.ActiveCfg = Debug|x86
		{0129C158-D9E7-49B9-A9B3-558BC98AF328}.Debug|x86.Build.0 = Debug|x86
		{0129C158-D9E7-49B9-A9B3-558BC98AF328}.Debug|x86.Deploy.0 = Debug|x86
		{0129C158-D9E7-49B9-A9B3-558BC98AF328}.Release|Any CPU.ActiveCfg = Release|x86
		{0129C158-D9E7-49B9-A9B3-558BC98AF328}.Release|ARM.ActiveCfg = Release|ARM
		{0129C158-D9E7-49B9-A9B3-558BC98AF328}.Release|ARM.Build.0 = Release|ARM
		{0129C158-D9E7-49B9-A9B3-558BC98AF328}.Release|ARM.Deploy.0 = Release|ARM
		{0129C158-D9E7-49B9-A9B3-558BC98AF328}.Release|iPhone.ActiveCfg = Release|x86
		{0129C158-D9E7-49B9-A9B3-558BC98AF328}.Release|iPhoneSimulator.ActiveCfg = Release|x86
		{0129C158-D9E7-49B9-A9B3-558BC98AF328}.Release|x64.ActiveCfg = Release|x64
		{0129C158-D9E7-49B9-A9B3-558BC98AF328}.Release|x64.Build.0 = Release|x64
		{0129C158-D9E7-49B9-A9B3-558BC98AF328}.Release|x64.Deploy.0 = Release|x64
		{0129C158-D9E7-49B9-A9B3-558BC98AF328}.Release|x86.ActiveCfg = Release|x86
		{0129C158-D9E7-49B9-A9B3-558BC98AF328}.Release|x86.Build.0 = Release|x86
		{0129C158-D9E7-49B9-A9B3-558BC98AF328}.Release|x86.Deploy.0 = Release|x86
		{D994276D-BD84-4E5A-B14F-A090EA32A34F}.Ad-Hoc|Any CPU.ActiveCfg = Release|Any CPU
		{D994276D-BD84-4E5A-B14F-A090EA32A34F}.Ad-Hoc|ARM.ActiveCfg = Release|Any CPU
		{D994276D-BD84-4E5A-B14F-A090EA32A34F}.Ad-Hoc|iPhone.ActiveCfg = Release|Any CPU
		{D994276D-BD84-4E5A-B14F-A090EA32A34F}.Ad-Hoc|iPhoneSimulator.ActiveCfg = Release|Any CPU
		{D994276D-BD84-4E5A-B14F-A090EA32A34F}.Ad-Hoc|x64.ActiveCfg = Release|Any CPU
		{D994276D-BD84-4E5A-B14F-A090EA32A34F}.Ad-Hoc|x86.ActiveCfg = Release|Any CPU
		{D994276D-BD84-4E5A-B14F-A090EA32A34F}.AppStore|Any CPU.ActiveCfg = Release|Any CPU
		{D994276D-BD84-4E5A-B14F-A090EA32A34F}.AppStore|ARM.ActiveCfg = Release|Any CPU
		{D994276D-BD84-4E5A-B14F-A090EA32A34F}.AppStore|iPhone.ActiveCfg = Release|Any CPU
		{D994276D-BD84-4E5A-B14F-A090EA32A34F}.AppStore|iPhoneSimulator.ActiveCfg = Release|Any CPU
		{D994276D-BD84-4E5A-B14F-A090EA32A34F}.AppStore|x64.ActiveCfg = Release|Any CPU
		{D994276D-BD84-4E5A-B14F-A090EA32A34F}.AppStore|x86.ActiveCfg = Release|Any CPU
		{D994276D-BD84-4E5A-B14F-A090EA32A34F}.Debug|Any CPU.ActiveCfg = Debug|Any CPU
		{D994276D-BD84-4E5A-B14F-A090EA32A34F}.Debug|Any CPU.Build.0 = Debug|Any CPU
		{D994276D-BD84-4E5A-B14F-A090EA32A34F}.Debug|ARM.ActiveCfg = Debug|Any CPU
		{D994276D-BD84-4E5A-B14F-A090EA32A34F}.Debug|ARM.Build.0 = Debug|Any CPU
		{D994276D-BD84-4E5A-B14F-A090EA32A34F}.Debug|iPhone.ActiveCfg = Debug|Any CPU
		{D994276D-BD84-4E5A-B14F-A090EA32A34F}.Debug|iPhoneSimulator.ActiveCfg = Debug|Any CPU
		{D994276D-BD84-4E5A-B14F-A090EA32A34F}.Debug|x64.ActiveCfg = Debug|Any CPU
		{D994276D-BD84-4E5A-B14F-A090EA32A34F}.Debug|x64.Build.0 = Debug|Any CPU
		{D994276D-BD84-4E5A-B14F-A090EA32A34F}.Debug|x86.ActiveCfg = Debug|Any CPU
		{D994276D-BD84-4E5A-B14F-A090EA32A34F}.Debug|x86.Build.0 = Debug|Any CPU
		{D994276D-BD84-4E5A-B14F-A090EA32A34F}.Release|Any CPU.ActiveCfg = Release|Any CPU
		{D994276D-BD84-4E5A-B14F-A090EA32A34F}.Release|Any CPU.Build.0 = Release|Any CPU
		{D994276D-BD84-4E5A-B14F-A090EA32A34F}.Release|ARM.ActiveCfg = Release|Any CPU
		{D994276D-BD84-4E5A-B14F-A090EA32A34F}.Release|ARM.Build.0 = Release|Any CPU
		{D994276D-BD84-4E5A-B14F-A090EA32A34F}.Release|iPhone.ActiveCfg = Release|Any CPU
		{D994276D-BD84-4E5A-B14F-A090EA32A34F}.Release|iPhoneSimulator.ActiveCfg = Release|Any CPU
		{D994276D-BD84-4E5A-B14F-A090EA32A34F}.Release|x64.ActiveCfg = Release|Any CPU
		{D994276D-BD84-4E5A-B14F-A090EA32A34F}.Release|x64.Build.0 = Release|Any CPU
		{D994276D-BD84-4E5A-B14F-A090EA32A34F}.Release|x86.ActiveCfg = Release|Any CPU
		{D994276D-BD84-4E5A-B14F-A090EA32A34F}.Release|x86.Build.0 = Release|Any CPU
		{81924E5B-F9C7-47CE-B1CF-B7B14811A042}.Ad-Hoc|Any CPU.ActiveCfg = Release|Any CPU
		{81924E5B-F9C7-47CE-B1CF-B7B14811A042}.Ad-Hoc|Any CPU.Build.0 = Release|Any CPU
		{81924E5B-F9C7-47CE-B1CF-B7B14811A042}.Ad-Hoc|ARM.ActiveCfg = Release|Any CPU
		{81924E5B-F9C7-47CE-B1CF-B7B14811A042}.Ad-Hoc|ARM.Build.0 = Release|Any CPU
		{81924E5B-F9C7-47CE-B1CF-B7B14811A042}.Ad-Hoc|iPhone.ActiveCfg = Release|Any CPU
		{81924E5B-F9C7-47CE-B1CF-B7B14811A042}.Ad-Hoc|iPhone.Build.0 = Release|Any CPU
		{81924E5B-F9C7-47CE-B1CF-B7B14811A042}.Ad-Hoc|iPhoneSimulator.ActiveCfg = Release|Any CPU
		{81924E5B-F9C7-47CE-B1CF-B7B14811A042}.Ad-Hoc|iPhoneSimulator.Build.0 = Release|Any CPU
		{81924E5B-F9C7-47CE-B1CF-B7B14811A042}.Ad-Hoc|x64.ActiveCfg = Release|Any CPU
		{81924E5B-F9C7-47CE-B1CF-B7B14811A042}.Ad-Hoc|x64.Build.0 = Release|Any CPU
		{81924E5B-F9C7-47CE-B1CF-B7B14811A042}.Ad-Hoc|x86.ActiveCfg = Release|Any CPU
		{81924E5B-F9C7-47CE-B1CF-B7B14811A042}.Ad-Hoc|x86.Build.0 = Release|Any CPU
		{81924E5B-F9C7-47CE-B1CF-B7B14811A042}.AppStore|Any CPU.ActiveCfg = Release|Any CPU
		{81924E5B-F9C7-47CE-B1CF-B7B14811A042}.AppStore|Any CPU.Build.0 = Release|Any CPU
		{81924E5B-F9C7-47CE-B1CF-B7B14811A042}.AppStore|ARM.ActiveCfg = Release|Any CPU
		{81924E5B-F9C7-47CE-B1CF-B7B14811A042}.AppStore|ARM.Build.0 = Release|Any CPU
		{81924E5B-F9C7-47CE-B1CF-B7B14811A042}.AppStore|iPhone.ActiveCfg = Release|Any CPU
		{81924E5B-F9C7-47CE-B1CF-B7B14811A042}.AppStore|iPhone.Build.0 = Release|Any CPU
		{81924E5B-F9C7-47CE-B1CF-B7B14811A042}.AppStore|iPhoneSimulator.ActiveCfg = Release|Any CPU
		{81924E5B-F9C7-47CE-B1CF-B7B14811A042}.AppStore|iPhoneSimulator.Build.0 = Release|Any CPU
		{81924E5B-F9C7-47CE-B1CF-B7B14811A042}.AppStore|x64.ActiveCfg = Release|Any CPU
		{81924E5B-F9C7-47CE-B1CF-B7B14811A042}.AppStore|x64.Build.0 = Release|Any CPU
		{81924E5B-F9C7-47CE-B1CF-B7B14811A042}.AppStore|x86.ActiveCfg = Release|Any CPU
		{81924E5B-F9C7-47CE-B1CF-B7B14811A042}.AppStore|x86.Build.0 = Release|Any CPU
		{81924E5B-F9C7-47CE-B1CF-B7B14811A042}.Debug|Any CPU.ActiveCfg = Debug|Any CPU
		{81924E5B-F9C7-47CE-B1CF-B7B14811A042}.Debug|Any CPU.Build.0 = Debug|Any CPU
		{81924E5B-F9C7-47CE-B1CF-B7B14811A042}.Debug|ARM.ActiveCfg = Debug|Any CPU
		{81924E5B-F9C7-47CE-B1CF-B7B14811A042}.Debug|ARM.Build.0 = Debug|Any CPU
		{81924E5B-F9C7-47CE-B1CF-B7B14811A042}.Debug|iPhone.ActiveCfg = Debug|Any CPU
		{81924E5B-F9C7-47CE-B1CF-B7B14811A042}.Debug|iPhone.Build.0 = Debug|Any CPU
		{81924E5B-F9C7-47CE-B1CF-B7B14811A042}.Debug|iPhoneSimulator.ActiveCfg = Debug|Any CPU
		{81924E5B-F9C7-47CE-B1CF-B7B14811A042}.Debug|iPhoneSimulator.Build.0 = Debug|Any CPU
		{81924E5B-F9C7-47CE-B1CF-B7B14811A042}.Debug|x64.ActiveCfg = Debug|Any CPU
		{81924E5B-F9C7-47CE-B1CF-B7B14811A042}.Debug|x64.Build.0 = Debug|Any CPU
		{81924E5B-F9C7-47CE-B1CF-B7B14811A042}.Debug|x86.ActiveCfg = Debug|Any CPU
		{81924E5B-F9C7-47CE-B1CF-B7B14811A042}.Debug|x86.Build.0 = Debug|Any CPU
		{81924E5B-F9C7-47CE-B1CF-B7B14811A042}.Release|Any CPU.ActiveCfg = Release|Any CPU
		{81924E5B-F9C7-47CE-B1CF-B7B14811A042}.Release|Any CPU.Build.0 = Release|Any CPU
		{81924E5B-F9C7-47CE-B1CF-B7B14811A042}.Release|ARM.ActiveCfg = Release|Any CPU
		{81924E5B-F9C7-47CE-B1CF-B7B14811A042}.Release|ARM.Build.0 = Release|Any CPU
		{81924E5B-F9C7-47CE-B1CF-B7B14811A042}.Release|iPhone.ActiveCfg = Release|Any CPU
		{81924E5B-F9C7-47CE-B1CF-B7B14811A042}.Release|iPhone.Build.0 = Release|Any CPU
		{81924E5B-F9C7-47CE-B1CF-B7B14811A042}.Release|iPhoneSimulator.ActiveCfg = Release|Any CPU
		{81924E5B-F9C7-47CE-B1CF-B7B14811A042}.Release|iPhoneSimulator.Build.0 = Release|Any CPU
		{81924E5B-F9C7-47CE-B1CF-B7B14811A042}.Release|x64.ActiveCfg = Release|Any CPU
		{81924E5B-F9C7-47CE-B1CF-B7B14811A042}.Release|x64.Build.0 = Release|Any CPU
		{81924E5B-F9C7-47CE-B1CF-B7B14811A042}.Release|x86.ActiveCfg = Release|Any CPU
		{81924E5B-F9C7-47CE-B1CF-B7B14811A042}.Release|x86.Build.0 = Release|Any CPU
		{F556C0EB-7C8C-4E2B-8D8F-E2D92C1390C1}.Ad-Hoc|Any CPU.ActiveCfg = Release|Any CPU
		{F556C0EB-7C8C-4E2B-8D8F-E2D92C1390C1}.Ad-Hoc|ARM.ActiveCfg = Release|Any CPU
		{F556C0EB-7C8C-4E2B-8D8F-E2D92C1390C1}.Ad-Hoc|iPhone.ActiveCfg = Release|Any CPU
		{F556C0EB-7C8C-4E2B-8D8F-E2D92C1390C1}.Ad-Hoc|iPhoneSimulator.ActiveCfg = Release|Any CPU
		{F556C0EB-7C8C-4E2B-8D8F-E2D92C1390C1}.Ad-Hoc|x64.ActiveCfg = Release|Any CPU
		{F556C0EB-7C8C-4E2B-8D8F-E2D92C1390C1}.Ad-Hoc|x86.ActiveCfg = Release|Any CPU
		{F556C0EB-7C8C-4E2B-8D8F-E2D92C1390C1}.AppStore|Any CPU.ActiveCfg = Release|Any CPU
		{F556C0EB-7C8C-4E2B-8D8F-E2D92C1390C1}.AppStore|ARM.ActiveCfg = Release|Any CPU
		{F556C0EB-7C8C-4E2B-8D8F-E2D92C1390C1}.AppStore|iPhone.ActiveCfg = Release|Any CPU
		{F556C0EB-7C8C-4E2B-8D8F-E2D92C1390C1}.AppStore|iPhoneSimulator.ActiveCfg = Release|Any CPU
		{F556C0EB-7C8C-4E2B-8D8F-E2D92C1390C1}.AppStore|x64.ActiveCfg = Release|Any CPU
		{F556C0EB-7C8C-4E2B-8D8F-E2D92C1390C1}.AppStore|x86.ActiveCfg = Release|Any CPU
		{F556C0EB-7C8C-4E2B-8D8F-E2D92C1390C1}.Debug|Any CPU.ActiveCfg = Debug|Any CPU
		{F556C0EB-7C8C-4E2B-8D8F-E2D92C1390C1}.Debug|Any CPU.Build.0 = Debug|Any CPU
		{F556C0EB-7C8C-4E2B-8D8F-E2D92C1390C1}.Debug|Any CPU.Deploy.0 = Debug|Any CPU
		{F556C0EB-7C8C-4E2B-8D8F-E2D92C1390C1}.Debug|ARM.ActiveCfg = Debug|Any CPU
		{F556C0EB-7C8C-4E2B-8D8F-E2D92C1390C1}.Debug|ARM.Build.0 = Debug|Any CPU
		{F556C0EB-7C8C-4E2B-8D8F-E2D92C1390C1}.Debug|ARM.Deploy.0 = Debug|Any CPU
		{F556C0EB-7C8C-4E2B-8D8F-E2D92C1390C1}.Debug|iPhone.ActiveCfg = Debug|Any CPU
		{F556C0EB-7C8C-4E2B-8D8F-E2D92C1390C1}.Debug|iPhoneSimulator.ActiveCfg = Debug|Any CPU
		{F556C0EB-7C8C-4E2B-8D8F-E2D92C1390C1}.Debug|x64.ActiveCfg = Debug|Any CPU
		{F556C0EB-7C8C-4E2B-8D8F-E2D92C1390C1}.Debug|x64.Build.0 = Debug|Any CPU
		{F556C0EB-7C8C-4E2B-8D8F-E2D92C1390C1}.Debug|x64.Deploy.0 = Debug|Any CPU
		{F556C0EB-7C8C-4E2B-8D8F-E2D92C1390C1}.Debug|x86.ActiveCfg = Debug|Any CPU
		{F556C0EB-7C8C-4E2B-8D8F-E2D92C1390C1}.Debug|x86.Build.0 = Debug|Any CPU
		{F556C0EB-7C8C-4E2B-8D8F-E2D92C1390C1}.Debug|x86.Deploy.0 = Debug|Any CPU
		{F556C0EB-7C8C-4E2B-8D8F-E2D92C1390C1}.Release|Any CPU.ActiveCfg = Release|Any CPU
		{F556C0EB-7C8C-4E2B-8D8F-E2D92C1390C1}.Release|Any CPU.Build.0 = Release|Any CPU
		{F556C0EB-7C8C-4E2B-8D8F-E2D92C1390C1}.Release|Any CPU.Deploy.0 = Release|Any CPU
		{F556C0EB-7C8C-4E2B-8D8F-E2D92C1390C1}.Release|ARM.ActiveCfg = Release|Any CPU
		{F556C0EB-7C8C-4E2B-8D8F-E2D92C1390C1}.Release|ARM.Build.0 = Release|Any CPU
		{F556C0EB-7C8C-4E2B-8D8F-E2D92C1390C1}.Release|ARM.Deploy.0 = Release|Any CPU
		{F556C0EB-7C8C-4E2B-8D8F-E2D92C1390C1}.Release|iPhone.ActiveCfg = Release|Any CPU
		{F556C0EB-7C8C-4E2B-8D8F-E2D92C1390C1}.Release|iPhoneSimulator.ActiveCfg = Release|Any CPU
		{F556C0EB-7C8C-4E2B-8D8F-E2D92C1390C1}.Release|x64.ActiveCfg = Release|Any CPU
		{F556C0EB-7C8C-4E2B-8D8F-E2D92C1390C1}.Release|x64.Build.0 = Release|Any CPU
		{F556C0EB-7C8C-4E2B-8D8F-E2D92C1390C1}.Release|x64.Deploy.0 = Release|Any CPU
		{F556C0EB-7C8C-4E2B-8D8F-E2D92C1390C1}.Release|x86.ActiveCfg = Release|Any CPU
		{F556C0EB-7C8C-4E2B-8D8F-E2D92C1390C1}.Release|x86.Build.0 = Release|Any CPU
		{F556C0EB-7C8C-4E2B-8D8F-E2D92C1390C1}.Release|x86.Deploy.0 = Release|Any CPU
		{35F02F28-515B-44FB-8280-60F4CC38B99A}.Ad-Hoc|Any CPU.ActiveCfg = Release|Any CPU
		{35F02F28-515B-44FB-8280-60F4CC38B99A}.Ad-Hoc|ARM.ActiveCfg = Release|Any CPU
		{35F02F28-515B-44FB-8280-60F4CC38B99A}.Ad-Hoc|iPhone.ActiveCfg = Release|Any CPU
		{35F02F28-515B-44FB-8280-60F4CC38B99A}.Ad-Hoc|iPhoneSimulator.ActiveCfg = Release|Any CPU
		{35F02F28-515B-44FB-8280-60F4CC38B99A}.Ad-Hoc|x64.ActiveCfg = Release|Any CPU
		{35F02F28-515B-44FB-8280-60F4CC38B99A}.Ad-Hoc|x86.ActiveCfg = Release|Any CPU
		{35F02F28-515B-44FB-8280-60F4CC38B99A}.AppStore|Any CPU.ActiveCfg = Release|Any CPU
		{35F02F28-515B-44FB-8280-60F4CC38B99A}.AppStore|ARM.ActiveCfg = Release|Any CPU
		{35F02F28-515B-44FB-8280-60F4CC38B99A}.AppStore|iPhone.ActiveCfg = Release|Any CPU
		{35F02F28-515B-44FB-8280-60F4CC38B99A}.AppStore|iPhoneSimulator.ActiveCfg = Release|Any CPU
		{35F02F28-515B-44FB-8280-60F4CC38B99A}.AppStore|x64.ActiveCfg = Release|Any CPU
		{35F02F28-515B-44FB-8280-60F4CC38B99A}.AppStore|x86.ActiveCfg = Release|Any CPU
		{35F02F28-515B-44FB-8280-60F4CC38B99A}.Debug|Any CPU.ActiveCfg = Debug|Any CPU
		{35F02F28-515B-44FB-8280-60F4CC38B99A}.Debug|Any CPU.Build.0 = Debug|Any CPU
		{35F02F28-515B-44FB-8280-60F4CC38B99A}.Debug|ARM.ActiveCfg = Debug|Any CPU
		{35F02F28-515B-44FB-8280-60F4CC38B99A}.Debug|ARM.Build.0 = Debug|Any CPU
		{35F02F28-515B-44FB-8280-60F4CC38B99A}.Debug|iPhone.ActiveCfg = Debug|Any CPU
		{35F02F28-515B-44FB-8280-60F4CC38B99A}.Debug|iPhoneSimulator.ActiveCfg = Debug|Any CPU
		{35F02F28-515B-44FB-8280-60F4CC38B99A}.Debug|x64.ActiveCfg = Debug|Any CPU
		{35F02F28-515B-44FB-8280-60F4CC38B99A}.Debug|x64.Build.0 = Debug|Any CPU
		{35F02F28-515B-44FB-8280-60F4CC38B99A}.Debug|x86.ActiveCfg = Debug|Any CPU
		{35F02F28-515B-44FB-8280-60F4CC38B99A}.Debug|x86.Build.0 = Debug|Any CPU
		{35F02F28-515B-44FB-8280-60F4CC38B99A}.Release|Any CPU.ActiveCfg = Release|Any CPU
		{35F02F28-515B-44FB-8280-60F4CC38B99A}.Release|Any CPU.Build.0 = Release|Any CPU
		{35F02F28-515B-44FB-8280-60F4CC38B99A}.Release|ARM.ActiveCfg = Release|Any CPU
		{35F02F28-515B-44FB-8280-60F4CC38B99A}.Release|ARM.Build.0 = Release|Any CPU
		{35F02F28-515B-44FB-8280-60F4CC38B99A}.Release|iPhone.ActiveCfg = Release|Any CPU
		{35F02F28-515B-44FB-8280-60F4CC38B99A}.Release|iPhoneSimulator.ActiveCfg = Release|Any CPU
		{35F02F28-515B-44FB-8280-60F4CC38B99A}.Release|x64.ActiveCfg = Release|Any CPU
		{35F02F28-515B-44FB-8280-60F4CC38B99A}.Release|x64.Build.0 = Release|Any CPU
		{35F02F28-515B-44FB-8280-60F4CC38B99A}.Release|x86.ActiveCfg = Release|Any CPU
		{35F02F28-515B-44FB-8280-60F4CC38B99A}.Release|x86.Build.0 = Release|Any CPU
		{9FED4BB7-0F5F-480F-B2B1-0CDBDB0F7434}.Ad-Hoc|Any CPU.ActiveCfg = Release|Any CPU
		{9FED4BB7-0F5F-480F-B2B1-0CDBDB0F7434}.Ad-Hoc|Any CPU.Build.0 = Release|Any CPU
		{9FED4BB7-0F5F-480F-B2B1-0CDBDB0F7434}.Ad-Hoc|ARM.ActiveCfg = Release|Any CPU
		{9FED4BB7-0F5F-480F-B2B1-0CDBDB0F7434}.Ad-Hoc|ARM.Build.0 = Release|Any CPU
		{9FED4BB7-0F5F-480F-B2B1-0CDBDB0F7434}.Ad-Hoc|iPhone.ActiveCfg = Release|Any CPU
		{9FED4BB7-0F5F-480F-B2B1-0CDBDB0F7434}.Ad-Hoc|iPhone.Build.0 = Release|Any CPU
		{9FED4BB7-0F5F-480F-B2B1-0CDBDB0F7434}.Ad-Hoc|iPhoneSimulator.ActiveCfg = Release|Any CPU
		{9FED4BB7-0F5F-480F-B2B1-0CDBDB0F7434}.Ad-Hoc|iPhoneSimulator.Build.0 = Release|Any CPU
		{9FED4BB7-0F5F-480F-B2B1-0CDBDB0F7434}.Ad-Hoc|x64.ActiveCfg = Release|Any CPU
		{9FED4BB7-0F5F-480F-B2B1-0CDBDB0F7434}.Ad-Hoc|x64.Build.0 = Release|Any CPU
		{9FED4BB7-0F5F-480F-B2B1-0CDBDB0F7434}.Ad-Hoc|x86.ActiveCfg = Release|Any CPU
		{9FED4BB7-0F5F-480F-B2B1-0CDBDB0F7434}.Ad-Hoc|x86.Build.0 = Release|Any CPU
		{9FED4BB7-0F5F-480F-B2B1-0CDBDB0F7434}.AppStore|Any CPU.ActiveCfg = Release|Any CPU
		{9FED4BB7-0F5F-480F-B2B1-0CDBDB0F7434}.AppStore|Any CPU.Build.0 = Release|Any CPU
		{9FED4BB7-0F5F-480F-B2B1-0CDBDB0F7434}.AppStore|ARM.ActiveCfg = Release|Any CPU
		{9FED4BB7-0F5F-480F-B2B1-0CDBDB0F7434}.AppStore|ARM.Build.0 = Release|Any CPU
		{9FED4BB7-0F5F-480F-B2B1-0CDBDB0F7434}.AppStore|iPhone.ActiveCfg = Release|Any CPU
		{9FED4BB7-0F5F-480F-B2B1-0CDBDB0F7434}.AppStore|iPhone.Build.0 = Release|Any CPU
		{9FED4BB7-0F5F-480F-B2B1-0CDBDB0F7434}.AppStore|iPhoneSimulator.ActiveCfg = Release|Any CPU
		{9FED4BB7-0F5F-480F-B2B1-0CDBDB0F7434}.AppStore|iPhoneSimulator.Build.0 = Release|Any CPU
		{9FED4BB7-0F5F-480F-B2B1-0CDBDB0F7434}.AppStore|x64.ActiveCfg = Release|Any CPU
		{9FED4BB7-0F5F-480F-B2B1-0CDBDB0F7434}.AppStore|x64.Build.0 = Release|Any CPU
		{9FED4BB7-0F5F-480F-B2B1-0CDBDB0F7434}.AppStore|x86.ActiveCfg = Release|Any CPU
		{9FED4BB7-0F5F-480F-B2B1-0CDBDB0F7434}.AppStore|x86.Build.0 = Release|Any CPU
		{9FED4BB7-0F5F-480F-B2B1-0CDBDB0F7434}.Debug|Any CPU.ActiveCfg = Debug|Any CPU
		{9FED4BB7-0F5F-480F-B2B1-0CDBDB0F7434}.Debug|Any CPU.Build.0 = Debug|Any CPU
		{9FED4BB7-0F5F-480F-B2B1-0CDBDB0F7434}.Debug|ARM.ActiveCfg = Debug|Any CPU
		{9FED4BB7-0F5F-480F-B2B1-0CDBDB0F7434}.Debug|ARM.Build.0 = Debug|Any CPU
		{9FED4BB7-0F5F-480F-B2B1-0CDBDB0F7434}.Debug|iPhone.ActiveCfg = Debug|Any CPU
		{9FED4BB7-0F5F-480F-B2B1-0CDBDB0F7434}.Debug|iPhone.Build.0 = Debug|Any CPU
		{9FED4BB7-0F5F-480F-B2B1-0CDBDB0F7434}.Debug|iPhoneSimulator.ActiveCfg = Debug|Any CPU
		{9FED4BB7-0F5F-480F-B2B1-0CDBDB0F7434}.Debug|iPhoneSimulator.Build.0 = Debug|Any CPU
		{9FED4BB7-0F5F-480F-B2B1-0CDBDB0F7434}.Debug|x64.ActiveCfg = Debug|Any CPU
		{9FED4BB7-0F5F-480F-B2B1-0CDBDB0F7434}.Debug|x64.Build.0 = Debug|Any CPU
		{9FED4BB7-0F5F-480F-B2B1-0CDBDB0F7434}.Debug|x86.ActiveCfg = Debug|Any CPU
		{9FED4BB7-0F5F-480F-B2B1-0CDBDB0F7434}.Debug|x86.Build.0 = Debug|Any CPU
		{9FED4BB7-0F5F-480F-B2B1-0CDBDB0F7434}.Release|Any CPU.ActiveCfg = Release|Any CPU
		{9FED4BB7-0F5F-480F-B2B1-0CDBDB0F7434}.Release|Any CPU.Build.0 = Release|Any CPU
		{9FED4BB7-0F5F-480F-B2B1-0CDBDB0F7434}.Release|ARM.ActiveCfg = Release|Any CPU
		{9FED4BB7-0F5F-480F-B2B1-0CDBDB0F7434}.Release|ARM.Build.0 = Release|Any CPU
		{9FED4BB7-0F5F-480F-B2B1-0CDBDB0F7434}.Release|iPhone.ActiveCfg = Release|Any CPU
		{9FED4BB7-0F5F-480F-B2B1-0CDBDB0F7434}.Release|iPhone.Build.0 = Release|Any CPU
		{9FED4BB7-0F5F-480F-B2B1-0CDBDB0F7434}.Release|iPhoneSimulator.ActiveCfg = Release|Any CPU
		{9FED4BB7-0F5F-480F-B2B1-0CDBDB0F7434}.Release|iPhoneSimulator.Build.0 = Release|Any CPU
		{9FED4BB7-0F5F-480F-B2B1-0CDBDB0F7434}.Release|x64.ActiveCfg = Release|Any CPU
		{9FED4BB7-0F5F-480F-B2B1-0CDBDB0F7434}.Release|x64.Build.0 = Release|Any CPU
		{9FED4BB7-0F5F-480F-B2B1-0CDBDB0F7434}.Release|x86.ActiveCfg = Release|Any CPU
		{9FED4BB7-0F5F-480F-B2B1-0CDBDB0F7434}.Release|x86.Build.0 = Release|Any CPU
		{1751EFC7-79EC-43E8-8CF4-443152A0A64C}.Ad-Hoc|Any CPU.ActiveCfg = Release|Any CPU
		{1751EFC7-79EC-43E8-8CF4-443152A0A64C}.Ad-Hoc|ARM.ActiveCfg = Release|Any CPU
		{1751EFC7-79EC-43E8-8CF4-443152A0A64C}.Ad-Hoc|iPhone.ActiveCfg = Release|Any CPU
		{1751EFC7-79EC-43E8-8CF4-443152A0A64C}.Ad-Hoc|iPhoneSimulator.ActiveCfg = Release|Any CPU
		{1751EFC7-79EC-43E8-8CF4-443152A0A64C}.Ad-Hoc|x64.ActiveCfg = Release|Any CPU
		{1751EFC7-79EC-43E8-8CF4-443152A0A64C}.Ad-Hoc|x86.ActiveCfg = Release|Any CPU
		{1751EFC7-79EC-43E8-8CF4-443152A0A64C}.AppStore|Any CPU.ActiveCfg = Release|Any CPU
		{1751EFC7-79EC-43E8-8CF4-443152A0A64C}.AppStore|ARM.ActiveCfg = Release|Any CPU
		{1751EFC7-79EC-43E8-8CF4-443152A0A64C}.AppStore|iPhone.ActiveCfg = Release|Any CPU
		{1751EFC7-79EC-43E8-8CF4-443152A0A64C}.AppStore|iPhoneSimulator.ActiveCfg = Release|Any CPU
		{1751EFC7-79EC-43E8-8CF4-443152A0A64C}.AppStore|x64.ActiveCfg = Release|Any CPU
		{1751EFC7-79EC-43E8-8CF4-443152A0A64C}.AppStore|x86.ActiveCfg = Release|Any CPU
		{1751EFC7-79EC-43E8-8CF4-443152A0A64C}.Debug|Any CPU.ActiveCfg = Debug|Any CPU
		{1751EFC7-79EC-43E8-8CF4-443152A0A64C}.Debug|Any CPU.Build.0 = Debug|Any CPU
		{1751EFC7-79EC-43E8-8CF4-443152A0A64C}.Debug|ARM.ActiveCfg = Debug|Any CPU
		{1751EFC7-79EC-43E8-8CF4-443152A0A64C}.Debug|ARM.Build.0 = Debug|Any CPU
		{1751EFC7-79EC-43E8-8CF4-443152A0A64C}.Debug|iPhone.ActiveCfg = Debug|Any CPU
		{1751EFC7-79EC-43E8-8CF4-443152A0A64C}.Debug|iPhoneSimulator.ActiveCfg = Debug|Any CPU
		{1751EFC7-79EC-43E8-8CF4-443152A0A64C}.Debug|x64.ActiveCfg = Debug|Any CPU
		{1751EFC7-79EC-43E8-8CF4-443152A0A64C}.Debug|x64.Build.0 = Debug|Any CPU
		{1751EFC7-79EC-43E8-8CF4-443152A0A64C}.Debug|x86.ActiveCfg = Debug|Any CPU
		{1751EFC7-79EC-43E8-8CF4-443152A0A64C}.Debug|x86.Build.0 = Debug|Any CPU
		{1751EFC7-79EC-43E8-8CF4-443152A0A64C}.Release|Any CPU.ActiveCfg = Release|Any CPU
		{1751EFC7-79EC-43E8-8CF4-443152A0A64C}.Release|Any CPU.Build.0 = Release|Any CPU
		{1751EFC7-79EC-43E8-8CF4-443152A0A64C}.Release|ARM.ActiveCfg = Release|Any CPU
		{1751EFC7-79EC-43E8-8CF4-443152A0A64C}.Release|ARM.Build.0 = Release|Any CPU
		{1751EFC7-79EC-43E8-8CF4-443152A0A64C}.Release|iPhone.ActiveCfg = Release|Any CPU
		{1751EFC7-79EC-43E8-8CF4-443152A0A64C}.Release|iPhoneSimulator.ActiveCfg = Release|Any CPU
		{1751EFC7-79EC-43E8-8CF4-443152A0A64C}.Release|x64.ActiveCfg = Release|Any CPU
		{1751EFC7-79EC-43E8-8CF4-443152A0A64C}.Release|x64.Build.0 = Release|Any CPU
		{1751EFC7-79EC-43E8-8CF4-443152A0A64C}.Release|x86.ActiveCfg = Release|Any CPU
		{1751EFC7-79EC-43E8-8CF4-443152A0A64C}.Release|x86.Build.0 = Release|Any CPU
		{80A96B52-6758-4BDB-B0B4-CEA4CA155C60}.Ad-Hoc|Any CPU.ActiveCfg = Release|iPhone
		{80A96B52-6758-4BDB-B0B4-CEA4CA155C60}.Ad-Hoc|Any CPU.Build.0 = Release|iPhone
		{80A96B52-6758-4BDB-B0B4-CEA4CA155C60}.Ad-Hoc|ARM.ActiveCfg = Release|iPhone
		{80A96B52-6758-4BDB-B0B4-CEA4CA155C60}.Ad-Hoc|ARM.Build.0 = Release|iPhone
		{80A96B52-6758-4BDB-B0B4-CEA4CA155C60}.Ad-Hoc|iPhone.ActiveCfg = Release|iPhone
		{80A96B52-6758-4BDB-B0B4-CEA4CA155C60}.Ad-Hoc|iPhone.Build.0 = Release|iPhone
		{80A96B52-6758-4BDB-B0B4-CEA4CA155C60}.Ad-Hoc|iPhoneSimulator.ActiveCfg = Release|iPhoneSimulator
		{80A96B52-6758-4BDB-B0B4-CEA4CA155C60}.Ad-Hoc|iPhoneSimulator.Build.0 = Release|iPhoneSimulator
		{80A96B52-6758-4BDB-B0B4-CEA4CA155C60}.Ad-Hoc|x64.ActiveCfg = Release|iPhone
		{80A96B52-6758-4BDB-B0B4-CEA4CA155C60}.Ad-Hoc|x64.Build.0 = Release|iPhone
		{80A96B52-6758-4BDB-B0B4-CEA4CA155C60}.Ad-Hoc|x86.ActiveCfg = Release|iPhone
		{80A96B52-6758-4BDB-B0B4-CEA4CA155C60}.Ad-Hoc|x86.Build.0 = Release|iPhone
		{80A96B52-6758-4BDB-B0B4-CEA4CA155C60}.AppStore|Any CPU.ActiveCfg = Release|iPhone
		{80A96B52-6758-4BDB-B0B4-CEA4CA155C60}.AppStore|Any CPU.Build.0 = Release|iPhone
		{80A96B52-6758-4BDB-B0B4-CEA4CA155C60}.AppStore|ARM.ActiveCfg = Release|iPhone
		{80A96B52-6758-4BDB-B0B4-CEA4CA155C60}.AppStore|ARM.Build.0 = Release|iPhone
		{80A96B52-6758-4BDB-B0B4-CEA4CA155C60}.AppStore|iPhone.ActiveCfg = Release|iPhone
		{80A96B52-6758-4BDB-B0B4-CEA4CA155C60}.AppStore|iPhone.Build.0 = Release|iPhone
		{80A96B52-6758-4BDB-B0B4-CEA4CA155C60}.AppStore|iPhoneSimulator.ActiveCfg = Release|iPhoneSimulator
		{80A96B52-6758-4BDB-B0B4-CEA4CA155C60}.AppStore|iPhoneSimulator.Build.0 = Release|iPhoneSimulator
		{80A96B52-6758-4BDB-B0B4-CEA4CA155C60}.AppStore|x64.ActiveCfg = Release|iPhone
		{80A96B52-6758-4BDB-B0B4-CEA4CA155C60}.AppStore|x64.Build.0 = Release|iPhone
		{80A96B52-6758-4BDB-B0B4-CEA4CA155C60}.AppStore|x86.ActiveCfg = Release|iPhone
		{80A96B52-6758-4BDB-B0B4-CEA4CA155C60}.AppStore|x86.Build.0 = Release|iPhone
		{80A96B52-6758-4BDB-B0B4-CEA4CA155C60}.Debug|Any CPU.ActiveCfg = Debug|iPhone
		{80A96B52-6758-4BDB-B0B4-CEA4CA155C60}.Debug|Any CPU.Build.0 = Debug|iPhone
		{80A96B52-6758-4BDB-B0B4-CEA4CA155C60}.Debug|ARM.ActiveCfg = Debug|iPhone
		{80A96B52-6758-4BDB-B0B4-CEA4CA155C60}.Debug|iPhone.ActiveCfg = Debug|iPhone
		{80A96B52-6758-4BDB-B0B4-CEA4CA155C60}.Debug|iPhone.Build.0 = Debug|iPhone
		{80A96B52-6758-4BDB-B0B4-CEA4CA155C60}.Debug|iPhoneSimulator.ActiveCfg = Debug|iPhoneSimulator
		{80A96B52-6758-4BDB-B0B4-CEA4CA155C60}.Debug|iPhoneSimulator.Build.0 = Debug|iPhoneSimulator
		{80A96B52-6758-4BDB-B0B4-CEA4CA155C60}.Debug|x64.ActiveCfg = Debug|iPhone
		{80A96B52-6758-4BDB-B0B4-CEA4CA155C60}.Debug|x86.ActiveCfg = Debug|iPhone
		{80A96B52-6758-4BDB-B0B4-CEA4CA155C60}.Release|Any CPU.ActiveCfg = Release|iPhone
		{80A96B52-6758-4BDB-B0B4-CEA4CA155C60}.Release|ARM.ActiveCfg = Release|iPhone
		{80A96B52-6758-4BDB-B0B4-CEA4CA155C60}.Release|iPhone.ActiveCfg = Release|iPhone
		{80A96B52-6758-4BDB-B0B4-CEA4CA155C60}.Release|iPhone.Build.0 = Release|iPhone
		{80A96B52-6758-4BDB-B0B4-CEA4CA155C60}.Release|iPhoneSimulator.ActiveCfg = Release|iPhoneSimulator
		{80A96B52-6758-4BDB-B0B4-CEA4CA155C60}.Release|iPhoneSimulator.Build.0 = Release|iPhoneSimulator
		{80A96B52-6758-4BDB-B0B4-CEA4CA155C60}.Release|x64.ActiveCfg = Release|iPhone
		{80A96B52-6758-4BDB-B0B4-CEA4CA155C60}.Release|x86.ActiveCfg = Release|iPhone
		{A494A16D-1772-487B-94EF-B8381250F916}.Ad-Hoc|Any CPU.ActiveCfg = Debug|Any CPU
		{A494A16D-1772-487B-94EF-B8381250F916}.Ad-Hoc|Any CPU.Build.0 = Debug|Any CPU
		{A494A16D-1772-487B-94EF-B8381250F916}.Ad-Hoc|ARM.ActiveCfg = Debug|Any CPU
		{A494A16D-1772-487B-94EF-B8381250F916}.Ad-Hoc|ARM.Build.0 = Debug|Any CPU
		{A494A16D-1772-487B-94EF-B8381250F916}.Ad-Hoc|iPhone.ActiveCfg = Debug|Any CPU
		{A494A16D-1772-487B-94EF-B8381250F916}.Ad-Hoc|iPhone.Build.0 = Debug|Any CPU
		{A494A16D-1772-487B-94EF-B8381250F916}.Ad-Hoc|iPhoneSimulator.ActiveCfg = Debug|Any CPU
		{A494A16D-1772-487B-94EF-B8381250F916}.Ad-Hoc|iPhoneSimulator.Build.0 = Debug|Any CPU
		{A494A16D-1772-487B-94EF-B8381250F916}.Ad-Hoc|x64.ActiveCfg = Debug|Any CPU
		{A494A16D-1772-487B-94EF-B8381250F916}.Ad-Hoc|x64.Build.0 = Debug|Any CPU
		{A494A16D-1772-487B-94EF-B8381250F916}.Ad-Hoc|x86.ActiveCfg = Debug|Any CPU
		{A494A16D-1772-487B-94EF-B8381250F916}.Ad-Hoc|x86.Build.0 = Debug|Any CPU
		{A494A16D-1772-487B-94EF-B8381250F916}.AppStore|Any CPU.ActiveCfg = Debug|Any CPU
		{A494A16D-1772-487B-94EF-B8381250F916}.AppStore|Any CPU.Build.0 = Debug|Any CPU
		{A494A16D-1772-487B-94EF-B8381250F916}.AppStore|ARM.ActiveCfg = Debug|Any CPU
		{A494A16D-1772-487B-94EF-B8381250F916}.AppStore|ARM.Build.0 = Debug|Any CPU
		{A494A16D-1772-487B-94EF-B8381250F916}.AppStore|iPhone.ActiveCfg = Debug|Any CPU
		{A494A16D-1772-487B-94EF-B8381250F916}.AppStore|iPhone.Build.0 = Debug|Any CPU
		{A494A16D-1772-487B-94EF-B8381250F916}.AppStore|iPhoneSimulator.ActiveCfg = Debug|Any CPU
		{A494A16D-1772-487B-94EF-B8381250F916}.AppStore|iPhoneSimulator.Build.0 = Debug|Any CPU
		{A494A16D-1772-487B-94EF-B8381250F916}.AppStore|x64.ActiveCfg = Debug|Any CPU
		{A494A16D-1772-487B-94EF-B8381250F916}.AppStore|x64.Build.0 = Debug|Any CPU
		{A494A16D-1772-487B-94EF-B8381250F916}.AppStore|x86.ActiveCfg = Debug|Any CPU
		{A494A16D-1772-487B-94EF-B8381250F916}.AppStore|x86.Build.0 = Debug|Any CPU
		{A494A16D-1772-487B-94EF-B8381250F916}.Debug|Any CPU.ActiveCfg = Debug|Any CPU
		{A494A16D-1772-487B-94EF-B8381250F916}.Debug|Any CPU.Build.0 = Debug|Any CPU
		{A494A16D-1772-487B-94EF-B8381250F916}.Debug|ARM.ActiveCfg = Debug|Any CPU
		{A494A16D-1772-487B-94EF-B8381250F916}.Debug|ARM.Build.0 = Debug|Any CPU
		{A494A16D-1772-487B-94EF-B8381250F916}.Debug|iPhone.ActiveCfg = Debug|Any CPU
		{A494A16D-1772-487B-94EF-B8381250F916}.Debug|iPhone.Build.0 = Debug|Any CPU
		{A494A16D-1772-487B-94EF-B8381250F916}.Debug|iPhoneSimulator.ActiveCfg = Debug|Any CPU
		{A494A16D-1772-487B-94EF-B8381250F916}.Debug|iPhoneSimulator.Build.0 = Debug|Any CPU
		{A494A16D-1772-487B-94EF-B8381250F916}.Debug|x64.ActiveCfg = Debug|Any CPU
		{A494A16D-1772-487B-94EF-B8381250F916}.Debug|x64.Build.0 = Debug|Any CPU
		{A494A16D-1772-487B-94EF-B8381250F916}.Debug|x86.ActiveCfg = Debug|Any CPU
		{A494A16D-1772-487B-94EF-B8381250F916}.Debug|x86.Build.0 = Debug|Any CPU
		{A494A16D-1772-487B-94EF-B8381250F916}.Release|Any CPU.ActiveCfg = Release|Any CPU
		{A494A16D-1772-487B-94EF-B8381250F916}.Release|Any CPU.Build.0 = Release|Any CPU
		{A494A16D-1772-487B-94EF-B8381250F916}.Release|ARM.ActiveCfg = Release|Any CPU
		{A494A16D-1772-487B-94EF-B8381250F916}.Release|ARM.Build.0 = Release|Any CPU
		{A494A16D-1772-487B-94EF-B8381250F916}.Release|iPhone.ActiveCfg = Release|Any CPU
		{A494A16D-1772-487B-94EF-B8381250F916}.Release|iPhone.Build.0 = Release|Any CPU
		{A494A16D-1772-487B-94EF-B8381250F916}.Release|iPhoneSimulator.ActiveCfg = Release|Any CPU
		{A494A16D-1772-487B-94EF-B8381250F916}.Release|iPhoneSimulator.Build.0 = Release|Any CPU
		{A494A16D-1772-487B-94EF-B8381250F916}.Release|x64.ActiveCfg = Release|Any CPU
		{A494A16D-1772-487B-94EF-B8381250F916}.Release|x64.Build.0 = Release|Any CPU
		{A494A16D-1772-487B-94EF-B8381250F916}.Release|x86.ActiveCfg = Release|Any CPU
		{A494A16D-1772-487B-94EF-B8381250F916}.Release|x86.Build.0 = Release|Any CPU
		{873F62EE-0231-4206-A2E6-B9DF19E56004}.Ad-Hoc|Any CPU.ActiveCfg = Debug|Any CPU
		{873F62EE-0231-4206-A2E6-B9DF19E56004}.Ad-Hoc|Any CPU.Build.0 = Debug|Any CPU
		{873F62EE-0231-4206-A2E6-B9DF19E56004}.Ad-Hoc|ARM.ActiveCfg = Debug|Any CPU
		{873F62EE-0231-4206-A2E6-B9DF19E56004}.Ad-Hoc|ARM.Build.0 = Debug|Any CPU
		{873F62EE-0231-4206-A2E6-B9DF19E56004}.Ad-Hoc|iPhone.ActiveCfg = Debug|Any CPU
		{873F62EE-0231-4206-A2E6-B9DF19E56004}.Ad-Hoc|iPhone.Build.0 = Debug|Any CPU
		{873F62EE-0231-4206-A2E6-B9DF19E56004}.Ad-Hoc|iPhoneSimulator.ActiveCfg = Debug|Any CPU
		{873F62EE-0231-4206-A2E6-B9DF19E56004}.Ad-Hoc|iPhoneSimulator.Build.0 = Debug|Any CPU
		{873F62EE-0231-4206-A2E6-B9DF19E56004}.Ad-Hoc|x64.ActiveCfg = Debug|Any CPU
		{873F62EE-0231-4206-A2E6-B9DF19E56004}.Ad-Hoc|x64.Build.0 = Debug|Any CPU
		{873F62EE-0231-4206-A2E6-B9DF19E56004}.Ad-Hoc|x86.ActiveCfg = Debug|Any CPU
		{873F62EE-0231-4206-A2E6-B9DF19E56004}.Ad-Hoc|x86.Build.0 = Debug|Any CPU
		{873F62EE-0231-4206-A2E6-B9DF19E56004}.AppStore|Any CPU.ActiveCfg = Debug|Any CPU
		{873F62EE-0231-4206-A2E6-B9DF19E56004}.AppStore|Any CPU.Build.0 = Debug|Any CPU
		{873F62EE-0231-4206-A2E6-B9DF19E56004}.AppStore|ARM.ActiveCfg = Debug|Any CPU
		{873F62EE-0231-4206-A2E6-B9DF19E56004}.AppStore|ARM.Build.0 = Debug|Any CPU
		{873F62EE-0231-4206-A2E6-B9DF19E56004}.AppStore|iPhone.ActiveCfg = Debug|Any CPU
		{873F62EE-0231-4206-A2E6-B9DF19E56004}.AppStore|iPhone.Build.0 = Debug|Any CPU
		{873F62EE-0231-4206-A2E6-B9DF19E56004}.AppStore|iPhoneSimulator.ActiveCfg = Debug|Any CPU
		{873F62EE-0231-4206-A2E6-B9DF19E56004}.AppStore|iPhoneSimulator.Build.0 = Debug|Any CPU
		{873F62EE-0231-4206-A2E6-B9DF19E56004}.AppStore|x64.ActiveCfg = Debug|Any CPU
		{873F62EE-0231-4206-A2E6-B9DF19E56004}.AppStore|x64.Build.0 = Debug|Any CPU
		{873F62EE-0231-4206-A2E6-B9DF19E56004}.AppStore|x86.ActiveCfg = Debug|Any CPU
		{873F62EE-0231-4206-A2E6-B9DF19E56004}.AppStore|x86.Build.0 = Debug|Any CPU
		{873F62EE-0231-4206-A2E6-B9DF19E56004}.Debug|Any CPU.ActiveCfg = Debug|Any CPU
		{873F62EE-0231-4206-A2E6-B9DF19E56004}.Debug|Any CPU.Build.0 = Debug|Any CPU
		{873F62EE-0231-4206-A2E6-B9DF19E56004}.Debug|ARM.ActiveCfg = Debug|Any CPU
		{873F62EE-0231-4206-A2E6-B9DF19E56004}.Debug|ARM.Build.0 = Debug|Any CPU
		{873F62EE-0231-4206-A2E6-B9DF19E56004}.Debug|iPhone.ActiveCfg = Debug|Any CPU
		{873F62EE-0231-4206-A2E6-B9DF19E56004}.Debug|iPhone.Build.0 = Debug|Any CPU
		{873F62EE-0231-4206-A2E6-B9DF19E56004}.Debug|iPhoneSimulator.ActiveCfg = Debug|Any CPU
		{873F62EE-0231-4206-A2E6-B9DF19E56004}.Debug|iPhoneSimulator.Build.0 = Debug|Any CPU
		{873F62EE-0231-4206-A2E6-B9DF19E56004}.Debug|x64.ActiveCfg = Debug|Any CPU
		{873F62EE-0231-4206-A2E6-B9DF19E56004}.Debug|x64.Build.0 = Debug|Any CPU
		{873F62EE-0231-4206-A2E6-B9DF19E56004}.Debug|x86.ActiveCfg = Debug|Any CPU
		{873F62EE-0231-4206-A2E6-B9DF19E56004}.Debug|x86.Build.0 = Debug|Any CPU
		{873F62EE-0231-4206-A2E6-B9DF19E56004}.Release|Any CPU.ActiveCfg = Release|Any CPU
		{873F62EE-0231-4206-A2E6-B9DF19E56004}.Release|Any CPU.Build.0 = Release|Any CPU
		{873F62EE-0231-4206-A2E6-B9DF19E56004}.Release|ARM.ActiveCfg = Release|Any CPU
		{873F62EE-0231-4206-A2E6-B9DF19E56004}.Release|ARM.Build.0 = Release|Any CPU
		{873F62EE-0231-4206-A2E6-B9DF19E56004}.Release|iPhone.ActiveCfg = Release|Any CPU
		{873F62EE-0231-4206-A2E6-B9DF19E56004}.Release|iPhone.Build.0 = Release|Any CPU
		{873F62EE-0231-4206-A2E6-B9DF19E56004}.Release|iPhoneSimulator.ActiveCfg = Release|Any CPU
		{873F62EE-0231-4206-A2E6-B9DF19E56004}.Release|iPhoneSimulator.Build.0 = Release|Any CPU
		{873F62EE-0231-4206-A2E6-B9DF19E56004}.Release|x64.ActiveCfg = Release|Any CPU
		{873F62EE-0231-4206-A2E6-B9DF19E56004}.Release|x64.Build.0 = Release|Any CPU
		{873F62EE-0231-4206-A2E6-B9DF19E56004}.Release|x86.ActiveCfg = Release|Any CPU
		{873F62EE-0231-4206-A2E6-B9DF19E56004}.Release|x86.Build.0 = Release|Any CPU
		{13C5D9AC-85B0-4B8D-BFCD-D33E65816988}.Ad-Hoc|Any CPU.ActiveCfg = Debug|Any CPU
		{13C5D9AC-85B0-4B8D-BFCD-D33E65816988}.Ad-Hoc|Any CPU.Build.0 = Debug|Any CPU
		{13C5D9AC-85B0-4B8D-BFCD-D33E65816988}.Ad-Hoc|ARM.ActiveCfg = Debug|Any CPU
		{13C5D9AC-85B0-4B8D-BFCD-D33E65816988}.Ad-Hoc|ARM.Build.0 = Debug|Any CPU
		{13C5D9AC-85B0-4B8D-BFCD-D33E65816988}.Ad-Hoc|iPhone.ActiveCfg = Debug|Any CPU
		{13C5D9AC-85B0-4B8D-BFCD-D33E65816988}.Ad-Hoc|iPhone.Build.0 = Debug|Any CPU
		{13C5D9AC-85B0-4B8D-BFCD-D33E65816988}.Ad-Hoc|iPhoneSimulator.ActiveCfg = Debug|Any CPU
		{13C5D9AC-85B0-4B8D-BFCD-D33E65816988}.Ad-Hoc|iPhoneSimulator.Build.0 = Debug|Any CPU
		{13C5D9AC-85B0-4B8D-BFCD-D33E65816988}.Ad-Hoc|x64.ActiveCfg = Debug|Any CPU
		{13C5D9AC-85B0-4B8D-BFCD-D33E65816988}.Ad-Hoc|x64.Build.0 = Debug|Any CPU
		{13C5D9AC-85B0-4B8D-BFCD-D33E65816988}.Ad-Hoc|x86.ActiveCfg = Debug|Any CPU
		{13C5D9AC-85B0-4B8D-BFCD-D33E65816988}.Ad-Hoc|x86.Build.0 = Debug|Any CPU
		{13C5D9AC-85B0-4B8D-BFCD-D33E65816988}.AppStore|Any CPU.ActiveCfg = Debug|Any CPU
		{13C5D9AC-85B0-4B8D-BFCD-D33E65816988}.AppStore|Any CPU.Build.0 = Debug|Any CPU
		{13C5D9AC-85B0-4B8D-BFCD-D33E65816988}.AppStore|ARM.ActiveCfg = Debug|Any CPU
		{13C5D9AC-85B0-4B8D-BFCD-D33E65816988}.AppStore|ARM.Build.0 = Debug|Any CPU
		{13C5D9AC-85B0-4B8D-BFCD-D33E65816988}.AppStore|iPhone.ActiveCfg = Debug|Any CPU
		{13C5D9AC-85B0-4B8D-BFCD-D33E65816988}.AppStore|iPhone.Build.0 = Debug|Any CPU
		{13C5D9AC-85B0-4B8D-BFCD-D33E65816988}.AppStore|iPhoneSimulator.ActiveCfg = Debug|Any CPU
		{13C5D9AC-85B0-4B8D-BFCD-D33E65816988}.AppStore|iPhoneSimulator.Build.0 = Debug|Any CPU
		{13C5D9AC-85B0-4B8D-BFCD-D33E65816988}.AppStore|x64.ActiveCfg = Debug|Any CPU
		{13C5D9AC-85B0-4B8D-BFCD-D33E65816988}.AppStore|x64.Build.0 = Debug|Any CPU
		{13C5D9AC-85B0-4B8D-BFCD-D33E65816988}.AppStore|x86.ActiveCfg = Debug|Any CPU
		{13C5D9AC-85B0-4B8D-BFCD-D33E65816988}.AppStore|x86.Build.0 = Debug|Any CPU
		{13C5D9AC-85B0-4B8D-BFCD-D33E65816988}.Debug|Any CPU.ActiveCfg = Debug|Any CPU
		{13C5D9AC-85B0-4B8D-BFCD-D33E65816988}.Debug|Any CPU.Build.0 = Debug|Any CPU
		{13C5D9AC-85B0-4B8D-BFCD-D33E65816988}.Debug|ARM.ActiveCfg = Debug|Any CPU
		{13C5D9AC-85B0-4B8D-BFCD-D33E65816988}.Debug|ARM.Build.0 = Debug|Any CPU
		{13C5D9AC-85B0-4B8D-BFCD-D33E65816988}.Debug|iPhone.ActiveCfg = Debug|Any CPU
		{13C5D9AC-85B0-4B8D-BFCD-D33E65816988}.Debug|iPhone.Build.0 = Debug|Any CPU
		{13C5D9AC-85B0-4B8D-BFCD-D33E65816988}.Debug|iPhoneSimulator.ActiveCfg = Debug|Any CPU
		{13C5D9AC-85B0-4B8D-BFCD-D33E65816988}.Debug|iPhoneSimulator.Build.0 = Debug|Any CPU
		{13C5D9AC-85B0-4B8D-BFCD-D33E65816988}.Debug|x64.ActiveCfg = Debug|Any CPU
		{13C5D9AC-85B0-4B8D-BFCD-D33E65816988}.Debug|x64.Build.0 = Debug|Any CPU
		{13C5D9AC-85B0-4B8D-BFCD-D33E65816988}.Debug|x86.ActiveCfg = Debug|Any CPU
		{13C5D9AC-85B0-4B8D-BFCD-D33E65816988}.Debug|x86.Build.0 = Debug|Any CPU
		{13C5D9AC-85B0-4B8D-BFCD-D33E65816988}.Release|Any CPU.ActiveCfg = Release|Any CPU
		{13C5D9AC-85B0-4B8D-BFCD-D33E65816988}.Release|Any CPU.Build.0 = Release|Any CPU
		{13C5D9AC-85B0-4B8D-BFCD-D33E65816988}.Release|ARM.ActiveCfg = Release|Any CPU
		{13C5D9AC-85B0-4B8D-BFCD-D33E65816988}.Release|ARM.Build.0 = Release|Any CPU
		{13C5D9AC-85B0-4B8D-BFCD-D33E65816988}.Release|iPhone.ActiveCfg = Release|Any CPU
		{13C5D9AC-85B0-4B8D-BFCD-D33E65816988}.Release|iPhone.Build.0 = Release|Any CPU
		{13C5D9AC-85B0-4B8D-BFCD-D33E65816988}.Release|iPhoneSimulator.ActiveCfg = Release|Any CPU
		{13C5D9AC-85B0-4B8D-BFCD-D33E65816988}.Release|iPhoneSimulator.Build.0 = Release|Any CPU
		{13C5D9AC-85B0-4B8D-BFCD-D33E65816988}.Release|x64.ActiveCfg = Release|Any CPU
		{13C5D9AC-85B0-4B8D-BFCD-D33E65816988}.Release|x64.Build.0 = Release|Any CPU
		{13C5D9AC-85B0-4B8D-BFCD-D33E65816988}.Release|x86.ActiveCfg = Release|Any CPU
		{13C5D9AC-85B0-4B8D-BFCD-D33E65816988}.Release|x86.Build.0 = Release|Any CPU
		{C059C2D5-E9A0-491F-A2E2-2A7FE1F736F0}.Ad-Hoc|Any CPU.ActiveCfg = Debug|Any CPU
		{C059C2D5-E9A0-491F-A2E2-2A7FE1F736F0}.Ad-Hoc|Any CPU.Build.0 = Debug|Any CPU
		{C059C2D5-E9A0-491F-A2E2-2A7FE1F736F0}.Ad-Hoc|ARM.ActiveCfg = Debug|Any CPU
		{C059C2D5-E9A0-491F-A2E2-2A7FE1F736F0}.Ad-Hoc|ARM.Build.0 = Debug|Any CPU
		{C059C2D5-E9A0-491F-A2E2-2A7FE1F736F0}.Ad-Hoc|iPhone.ActiveCfg = Debug|Any CPU
		{C059C2D5-E9A0-491F-A2E2-2A7FE1F736F0}.Ad-Hoc|iPhone.Build.0 = Debug|Any CPU
		{C059C2D5-E9A0-491F-A2E2-2A7FE1F736F0}.Ad-Hoc|iPhoneSimulator.ActiveCfg = Debug|Any CPU
		{C059C2D5-E9A0-491F-A2E2-2A7FE1F736F0}.Ad-Hoc|iPhoneSimulator.Build.0 = Debug|Any CPU
		{C059C2D5-E9A0-491F-A2E2-2A7FE1F736F0}.Ad-Hoc|x64.ActiveCfg = Debug|Any CPU
		{C059C2D5-E9A0-491F-A2E2-2A7FE1F736F0}.Ad-Hoc|x64.Build.0 = Debug|Any CPU
		{C059C2D5-E9A0-491F-A2E2-2A7FE1F736F0}.Ad-Hoc|x86.ActiveCfg = Debug|Any CPU
		{C059C2D5-E9A0-491F-A2E2-2A7FE1F736F0}.Ad-Hoc|x86.Build.0 = Debug|Any CPU
		{C059C2D5-E9A0-491F-A2E2-2A7FE1F736F0}.AppStore|Any CPU.ActiveCfg = Debug|Any CPU
		{C059C2D5-E9A0-491F-A2E2-2A7FE1F736F0}.AppStore|Any CPU.Build.0 = Debug|Any CPU
		{C059C2D5-E9A0-491F-A2E2-2A7FE1F736F0}.AppStore|ARM.ActiveCfg = Debug|Any CPU
		{C059C2D5-E9A0-491F-A2E2-2A7FE1F736F0}.AppStore|ARM.Build.0 = Debug|Any CPU
		{C059C2D5-E9A0-491F-A2E2-2A7FE1F736F0}.AppStore|iPhone.ActiveCfg = Debug|Any CPU
		{C059C2D5-E9A0-491F-A2E2-2A7FE1F736F0}.AppStore|iPhone.Build.0 = Debug|Any CPU
		{C059C2D5-E9A0-491F-A2E2-2A7FE1F736F0}.AppStore|iPhoneSimulator.ActiveCfg = Debug|Any CPU
		{C059C2D5-E9A0-491F-A2E2-2A7FE1F736F0}.AppStore|iPhoneSimulator.Build.0 = Debug|Any CPU
		{C059C2D5-E9A0-491F-A2E2-2A7FE1F736F0}.AppStore|x64.ActiveCfg = Debug|Any CPU
		{C059C2D5-E9A0-491F-A2E2-2A7FE1F736F0}.AppStore|x64.Build.0 = Debug|Any CPU
		{C059C2D5-E9A0-491F-A2E2-2A7FE1F736F0}.AppStore|x86.ActiveCfg = Debug|Any CPU
		{C059C2D5-E9A0-491F-A2E2-2A7FE1F736F0}.AppStore|x86.Build.0 = Debug|Any CPU
		{C059C2D5-E9A0-491F-A2E2-2A7FE1F736F0}.Debug|Any CPU.ActiveCfg = Debug|Any CPU
		{C059C2D5-E9A0-491F-A2E2-2A7FE1F736F0}.Debug|Any CPU.Build.0 = Debug|Any CPU
		{C059C2D5-E9A0-491F-A2E2-2A7FE1F736F0}.Debug|ARM.ActiveCfg = Debug|Any CPU
		{C059C2D5-E9A0-491F-A2E2-2A7FE1F736F0}.Debug|ARM.Build.0 = Debug|Any CPU
		{C059C2D5-E9A0-491F-A2E2-2A7FE1F736F0}.Debug|iPhone.ActiveCfg = Debug|Any CPU
		{C059C2D5-E9A0-491F-A2E2-2A7FE1F736F0}.Debug|iPhone.Build.0 = Debug|Any CPU
		{C059C2D5-E9A0-491F-A2E2-2A7FE1F736F0}.Debug|iPhoneSimulator.ActiveCfg = Debug|Any CPU
		{C059C2D5-E9A0-491F-A2E2-2A7FE1F736F0}.Debug|iPhoneSimulator.Build.0 = Debug|Any CPU
		{C059C2D5-E9A0-491F-A2E2-2A7FE1F736F0}.Debug|x64.ActiveCfg = Debug|Any CPU
		{C059C2D5-E9A0-491F-A2E2-2A7FE1F736F0}.Debug|x64.Build.0 = Debug|Any CPU
		{C059C2D5-E9A0-491F-A2E2-2A7FE1F736F0}.Debug|x86.ActiveCfg = Debug|Any CPU
		{C059C2D5-E9A0-491F-A2E2-2A7FE1F736F0}.Debug|x86.Build.0 = Debug|Any CPU
		{C059C2D5-E9A0-491F-A2E2-2A7FE1F736F0}.Release|Any CPU.ActiveCfg = Release|Any CPU
		{C059C2D5-E9A0-491F-A2E2-2A7FE1F736F0}.Release|Any CPU.Build.0 = Release|Any CPU
		{C059C2D5-E9A0-491F-A2E2-2A7FE1F736F0}.Release|ARM.ActiveCfg = Release|Any CPU
		{C059C2D5-E9A0-491F-A2E2-2A7FE1F736F0}.Release|ARM.Build.0 = Release|Any CPU
		{C059C2D5-E9A0-491F-A2E2-2A7FE1F736F0}.Release|iPhone.ActiveCfg = Release|Any CPU
		{C059C2D5-E9A0-491F-A2E2-2A7FE1F736F0}.Release|iPhone.Build.0 = Release|Any CPU
		{C059C2D5-E9A0-491F-A2E2-2A7FE1F736F0}.Release|iPhoneSimulator.ActiveCfg = Release|Any CPU
		{C059C2D5-E9A0-491F-A2E2-2A7FE1F736F0}.Release|iPhoneSimulator.Build.0 = Release|Any CPU
		{C059C2D5-E9A0-491F-A2E2-2A7FE1F736F0}.Release|x64.ActiveCfg = Release|Any CPU
		{C059C2D5-E9A0-491F-A2E2-2A7FE1F736F0}.Release|x64.Build.0 = Release|Any CPU
		{C059C2D5-E9A0-491F-A2E2-2A7FE1F736F0}.Release|x86.ActiveCfg = Release|Any CPU
		{C059C2D5-E9A0-491F-A2E2-2A7FE1F736F0}.Release|x86.Build.0 = Release|Any CPU
	EndGlobalSection
	GlobalSection(SolutionProperties) = preSolution
		HideSolutionNode = FALSE
	EndGlobalSection
	GlobalSection(ExtensibilityGlobals) = postSolution
		SolutionGuid = {0B1D3713-C9D2-43FB-93DF-85E2490EE1E6}
	EndGlobalSection
EndGlobal
